// !$*UTF8*$!
{
	archiveVersion = 1;
	classes = {
	};
	objectVersion = 50;
	objects = {

/* Begin PBXBuildFile section */
		191ABE982335F08700E10E25 /* PhotoManager.swift in Sources */ = {isa = PBXBuildFile; fileRef = 191ABE972335F08700E10E25 /* PhotoManager.swift */; };
		19213C8122EBF58700CB8FC9 /* AppDelegate.swift in Sources */ = {isa = PBXBuildFile; fileRef = 19213C8022EBF58700CB8FC9 /* AppDelegate.swift */; };
		19213C8322EBF58700CB8FC9 /* ViewController.swift in Sources */ = {isa = PBXBuildFile; fileRef = 19213C8222EBF58700CB8FC9 /* ViewController.swift */; };
		19213C8622EBF58700CB8FC9 /* Main.storyboard in Resources */ = {isa = PBXBuildFile; fileRef = 19213C8422EBF58700CB8FC9 /* Main.storyboard */; };
		19213C8822EBF58800CB8FC9 /* Assets.xcassets in Resources */ = {isa = PBXBuildFile; fileRef = 19213C8722EBF58800CB8FC9 /* Assets.xcassets */; };
		19213C8B22EBF58800CB8FC9 /* LaunchScreen.storyboard in Resources */ = {isa = PBXBuildFile; fileRef = 19213C8922EBF58800CB8FC9 /* LaunchScreen.storyboard */; };
		192848FE2390BC3E00EBB4A5 /* MKPhotoCollectionCell.xib in Resources */ = {isa = PBXBuildFile; fileRef = 192848FB2390BC3D00EBB4A5 /* MKPhotoCollectionCell.xib */; };
		192848FF2390BC3E00EBB4A5 /* MKPhotoCollectionCell.swift in Sources */ = {isa = PBXBuildFile; fileRef = 192848FC2390BC3D00EBB4A5 /* MKPhotoCollectionCell.swift */; };
		192849002390BC3E00EBB4A5 /* FCFMasonryViewLayout.swift in Sources */ = {isa = PBXBuildFile; fileRef = 192848FD2390BC3D00EBB4A5 /* FCFMasonryViewLayout.swift */; };
		192849022390BC9300EBB4A5 /* HomeVC+CollectV.swift in Sources */ = {isa = PBXBuildFile; fileRef = 192849012390BC9300EBB4A5 /* HomeVC+CollectV.swift */; };
		192849042390C63600EBB4A5 /* PicModel.swift in Sources */ = {isa = PBXBuildFile; fileRef = 192849032390C63600EBB4A5 /* PicModel.swift */; };
		192849062390CBA400EBB4A5 /* DownloadTool.swift in Sources */ = {isa = PBXBuildFile; fileRef = 192849052390CBA400EBB4A5 /* DownloadTool.swift */; };
		19380499233356E3006CC711 /* CSSelectPicHeadView.swift in Sources */ = {isa = PBXBuildFile; fileRef = 19380497233356E3006CC711 /* CSSelectPicHeadView.swift */; };
		1938049A233356E3006CC711 /* CSSelectPicHeadView.xib in Resources */ = {isa = PBXBuildFile; fileRef = 19380498233356E3006CC711 /* CSSelectPicHeadView.xib */; };
		1938049D23335732006CC711 /* CSSelectPicCell.swift in Sources */ = {isa = PBXBuildFile; fileRef = 1938049B23335732006CC711 /* CSSelectPicCell.swift */; };
		1938049E23335732006CC711 /* CSSelectPicCell.xib in Resources */ = {isa = PBXBuildFile; fileRef = 1938049C23335732006CC711 /* CSSelectPicCell.xib */; };
		19399514238F7B47007DD326 /* RealmSwift.framework in Frameworks */ = {isa = PBXBuildFile; fileRef = 19399513238F7B46007DD326 /* RealmSwift.framework */; };
		19399515238F7B47007DD326 /* RealmSwift.framework in Embed Frameworks */ = {isa = PBXBuildFile; fileRef = 19399513238F7B46007DD326 /* RealmSwift.framework */; settings = {ATTRIBUTES = (CodeSignOnCopy, RemoveHeadersOnCopy, ); }; };
		19399517238F7B6D007DD326 /* Realm.framework in Frameworks */ = {isa = PBXBuildFile; fileRef = 19399516238F7B6D007DD326 /* Realm.framework */; };
		19399518238F7B6D007DD326 /* Realm.framework in Embed Frameworks */ = {isa = PBXBuildFile; fileRef = 19399516238F7B6D007DD326 /* Realm.framework */; settings = {ATTRIBUTES = (CodeSignOnCopy, RemoveHeadersOnCopy, ); }; };
		193A4A48238E80310099C7EE /* TransitionPatch.framework in Frameworks */ = {isa = PBXBuildFile; fileRef = 312F6F9A22EDF8A000F5C8F6 /* TransitionPatch.framework */; };
		193A4A49238E80310099C7EE /* TransitionPatch.framework in Embed Frameworks */ = {isa = PBXBuildFile; fileRef = 312F6F9A22EDF8A000F5C8F6 /* TransitionPatch.framework */; settings = {ATTRIBUTES = (CodeSignOnCopy, RemoveHeadersOnCopy, ); }; };
		193A4A4C238E80310099C7EE /* ToastSwiftFramework.framework in Frameworks */ = {isa = PBXBuildFile; fileRef = 193A4A4B238E80310099C7EE /* ToastSwiftFramework.framework */; };
		193A4A4D238E80310099C7EE /* ToastSwiftFramework.framework in Embed Frameworks */ = {isa = PBXBuildFile; fileRef = 193A4A4B238E80310099C7EE /* ToastSwiftFramework.framework */; settings = {ATTRIBUTES = (CodeSignOnCopy, RemoveHeadersOnCopy, ); }; };
		193A4A4F238E84350099C7EE /* SnapKit.framework in Frameworks */ = {isa = PBXBuildFile; fileRef = 193A4A4E238E84350099C7EE /* SnapKit.framework */; };
		193A4A50238E84350099C7EE /* SnapKit.framework in Embed Frameworks */ = {isa = PBXBuildFile; fileRef = 193A4A4E238E84350099C7EE /* SnapKit.framework */; settings = {ATTRIBUTES = (CodeSignOnCopy, RemoveHeadersOnCopy, ); }; };
		1958B77B2394BE52009851E2 /* RootViewController.swift in Sources */ = {isa = PBXBuildFile; fileRef = 1958B77A2394BE52009851E2 /* RootViewController.swift */; };
		1958B77E2394BEB9009851E2 /* RootViewController+Menu.swift in Sources */ = {isa = PBXBuildFile; fileRef = 1958B77D2394BEB9009851E2 /* RootViewController+Menu.swift */; };
		1958B7832394E66F009851E2 /* WriteVC.swift in Sources */ = {isa = PBXBuildFile; fileRef = 1958B7812394E66F009851E2 /* WriteVC.swift */; };
		1958B7842394E66F009851E2 /* WriteVC.xib in Resources */ = {isa = PBXBuildFile; fileRef = 1958B7822394E66F009851E2 /* WriteVC.xib */; };
		1958B7872394E67A009851E2 /* SetVC.swift in Sources */ = {isa = PBXBuildFile; fileRef = 1958B7852394E67A009851E2 /* SetVC.swift */; };
		1958B7882394E67A009851E2 /* SetVC.xib in Resources */ = {isa = PBXBuildFile; fileRef = 1958B7862394E67A009851E2 /* SetVC.xib */; };
		1958B78A2394E70B009851E2 /* WriteModel.swift in Sources */ = {isa = PBXBuildFile; fileRef = 1958B7892394E70B009851E2 /* WriteModel.swift */; };
		1958B78F2394E7EA009851E2 /* WriteItemCell.swift in Sources */ = {isa = PBXBuildFile; fileRef = 1958B78D2394E7EA009851E2 /* WriteItemCell.swift */; };
		1958B7902394E7EA009851E2 /* WriteItemCell.xib in Resources */ = {isa = PBXBuildFile; fileRef = 1958B78E2394E7EA009851E2 /* WriteItemCell.xib */; };
		1958B7932394F16C009851E2 /* DiaryEditVC.xib in Resources */ = {isa = PBXBuildFile; fileRef = 1958B7912394F16C009851E2 /* DiaryEditVC.xib */; };
		1958B7942394F16C009851E2 /* DiaryEditVC.swift in Sources */ = {isa = PBXBuildFile; fileRef = 1958B7922394F16C009851E2 /* DiaryEditVC.swift */; };
		1967918122EC215B00AB9522 /* UIButtonExtension.swift in Sources */ = {isa = PBXBuildFile; fileRef = 1967916C22EC215A00AB9522 /* UIButtonExtension.swift */; };
		1967918222EC215B00AB9522 /* DeviceExtension.swift in Sources */ = {isa = PBXBuildFile; fileRef = 1967916D22EC215A00AB9522 /* DeviceExtension.swift */; };
		1967918322EC215B00AB9522 /* TableView+CollectionView+Extension.swift in Sources */ = {isa = PBXBuildFile; fileRef = 1967916E22EC215A00AB9522 /* TableView+CollectionView+Extension.swift */; };
		1967918422EC215B00AB9522 /* UIImageViewExtension.swift in Sources */ = {isa = PBXBuildFile; fileRef = 1967916F22EC215A00AB9522 /* UIImageViewExtension.swift */; };
		1967918522EC215B00AB9522 /* UIColorExtension.swift in Sources */ = {isa = PBXBuildFile; fileRef = 1967917022EC215A00AB9522 /* UIColorExtension.swift */; };
		1967918622EC215B00AB9522 /* UILableExtension.swift in Sources */ = {isa = PBXBuildFile; fileRef = 1967917122EC215A00AB9522 /* UILableExtension.swift */; };
		1967918722EC215B00AB9522 /* NotificationNameExtension.swift in Sources */ = {isa = PBXBuildFile; fileRef = 1967917222EC215A00AB9522 /* NotificationNameExtension.swift */; };
		1967918822EC215B00AB9522 /* ArrayExtension.swift in Sources */ = {isa = PBXBuildFile; fileRef = 1967917322EC215A00AB9522 /* ArrayExtension.swift */; };
		1967918922EC215B00AB9522 /* DateExtenstion.swift in Sources */ = {isa = PBXBuildFile; fileRef = 1967917422EC215A00AB9522 /* DateExtenstion.swift */; };
		1967918A22EC215B00AB9522 /* CellExtension.swift in Sources */ = {isa = PBXBuildFile; fileRef = 1967917522EC215A00AB9522 /* CellExtension.swift */; };
		1967918B22EC215B00AB9522 /* TextViewExtension.swift in Sources */ = {isa = PBXBuildFile; fileRef = 1967917622EC215A00AB9522 /* TextViewExtension.swift */; };
		1967918C22EC215B00AB9522 /* ViewExtension.swift in Sources */ = {isa = PBXBuildFile; fileRef = 1967917722EC215A00AB9522 /* ViewExtension.swift */; };
		1967918D22EC215B00AB9522 /* NavigationExtension.swift in Sources */ = {isa = PBXBuildFile; fileRef = 1967917822EC215A00AB9522 /* NavigationExtension.swift */; };
		1967918E22EC215B00AB9522 /* StringExtension.swift in Sources */ = {isa = PBXBuildFile; fileRef = 1967917922EC215A00AB9522 /* StringExtension.swift */; };
		1967918F22EC215B00AB9522 /* TextFieldExtension.swift in Sources */ = {isa = PBXBuildFile; fileRef = 1967917A22EC215A00AB9522 /* TextFieldExtension.swift */; };
		1967919022EC215B00AB9522 /* DefaultHeader.swift in Sources */ = {isa = PBXBuildFile; fileRef = 1967917C22EC215A00AB9522 /* DefaultHeader.swift */; };
		1967919122EC215B00AB9522 /* ToolManager.swift in Sources */ = {isa = PBXBuildFile; fileRef = 1967917D22EC215A00AB9522 /* ToolManager.swift */; };
		1967919222EC215B00AB9522 /* WaveView.swift in Sources */ = {isa = PBXBuildFile; fileRef = 1967918022EC215A00AB9522 /* WaveView.swift */; };
		1967919722EC217F00AB9522 /* FCFTabBarController.swift in Sources */ = {isa = PBXBuildFile; fileRef = 1967919422EC217F00AB9522 /* FCFTabBarController.swift */; };
		1967919822EC217F00AB9522 /* FCFBaseViewController.swift in Sources */ = {isa = PBXBuildFile; fileRef = 1967919522EC217F00AB9522 /* FCFBaseViewController.swift */; };
		1967919922EC217F00AB9522 /* FCFNavigationController.swift in Sources */ = {isa = PBXBuildFile; fileRef = 1967919622EC217F00AB9522 /* FCFNavigationController.swift */; };
		1967919E22EC229A00AB9522 /* HomeVC.swift in Sources */ = {isa = PBXBuildFile; fileRef = 1967919C22EC229A00AB9522 /* HomeVC.swift */; };
		1967919F22EC229A00AB9522 /* HomeVC.xib in Resources */ = {isa = PBXBuildFile; fileRef = 1967919D22EC229A00AB9522 /* HomeVC.xib */; };
		3109743D233292E1002B20D9 /* CSSelectPicVC.swift in Sources */ = {isa = PBXBuildFile; fileRef = 3109743B233292E1002B20D9 /* CSSelectPicVC.swift */; };
		3109743E233292E1002B20D9 /* CSSelectPicVC.xib in Resources */ = {isa = PBXBuildFile; fileRef = 3109743C233292E1002B20D9 /* CSSelectPicVC.xib */; };
		310BBD83238C05A7007AE1FC /* FilterTypeView.swift in Sources */ = {isa = PBXBuildFile; fileRef = 310BBD82238C05A7007AE1FC /* FilterTypeView.swift */; };
		310BBD85238C05B6007AE1FC /* FilterTypeView.xib in Resources */ = {isa = PBXBuildFile; fileRef = 310BBD84238C05B6007AE1FC /* FilterTypeView.xib */; };
		310BBD88238C0861007AE1FC /* FilterTypeCell.swift in Sources */ = {isa = PBXBuildFile; fileRef = 310BBD86238C0861007AE1FC /* FilterTypeCell.swift */; };
		310BBD89238C0861007AE1FC /* FilterTypeCell.xib in Resources */ = {isa = PBXBuildFile; fileRef = 310BBD87238C0861007AE1FC /* FilterTypeCell.xib */; };
		311DE2D7238D51F900CA4A8D /* PhotoResultVC.swift in Sources */ = {isa = PBXBuildFile; fileRef = 311DE2D5238D51F900CA4A8D /* PhotoResultVC.swift */; };
		311DE2D8238D51F900CA4A8D /* PhotoResultVC.xib in Resources */ = {isa = PBXBuildFile; fileRef = 311DE2D6238D51F900CA4A8D /* PhotoResultVC.xib */; };
		312F6F9B22EDF8A100F5C8F6 /* PixelEditor.framework in Frameworks */ = {isa = PBXBuildFile; fileRef = 312F6F9722EDF8A000F5C8F6 /* PixelEditor.framework */; };
		312F6F9C22EDF8A100F5C8F6 /* PixelEngine.framework in Frameworks */ = {isa = PBXBuildFile; fileRef = 312F6F9822EDF8A000F5C8F6 /* PixelEngine.framework */; };
		312F6F9D22EDF8A100F5C8F6 /* SideMenu.framework in Frameworks */ = {isa = PBXBuildFile; fileRef = 312F6F9922EDF8A000F5C8F6 /* SideMenu.framework */; };
		312F6F9E22EDF8A100F5C8F6 /* TransitionPatch.framework in Frameworks */ = {isa = PBXBuildFile; fileRef = 312F6F9A22EDF8A000F5C8F6 /* TransitionPatch.framework */; };
		312F6FA122EE007B00F5C8F6 /* MenuViewController.swift in Sources */ = {isa = PBXBuildFile; fileRef = 312F6FA022EE007B00F5C8F6 /* MenuViewController.swift */; };
		3195EDD3238A630C003351E6 /* TakeVideoVC.swift in Sources */ = {isa = PBXBuildFile; fileRef = 3195EDD2238A630C003351E6 /* TakeVideoVC.swift */; };
		3195EDD7238A6D18003351E6 /* TakePhotoVC.swift in Sources */ = {isa = PBXBuildFile; fileRef = 3195EDD5238A6D18003351E6 /* TakePhotoVC.swift */; };
		3195EDD8238A6D18003351E6 /* TakePhotoVC.xib in Resources */ = {isa = PBXBuildFile; fileRef = 3195EDD6238A6D18003351E6 /* TakePhotoVC.xib */; };
		3195F108238AE69C003351E6 /* libGPUImage.a in Frameworks */ = {isa = PBXBuildFile; fileRef = 3195F107238AE69C003351E6 /* libGPUImage.a */; };
		3195F10A238AE6BF003351E6 /* AVKit.framework in Frameworks */ = {isa = PBXBuildFile; fileRef = 3195F109238AE6BF003351E6 /* AVKit.framework */; };
/* End PBXBuildFile section */

/* Begin PBXCopyFilesBuildPhase section */
		193A4A4A238E80310099C7EE /* Embed Frameworks */ = {
			isa = PBXCopyFilesBuildPhase;
			buildActionMask = 2147483647;
			dstPath = "";
			dstSubfolderSpec = 10;
			files = (
				193A4A50238E84350099C7EE /* SnapKit.framework in Embed Frameworks */,
				193A4A49238E80310099C7EE /* TransitionPatch.framework in Embed Frameworks */,
				19399515238F7B47007DD326 /* RealmSwift.framework in Embed Frameworks */,
				193A4A4D238E80310099C7EE /* ToastSwiftFramework.framework in Embed Frameworks */,
				19399518238F7B6D007DD326 /* Realm.framework in Embed Frameworks */,
			);
			name = "Embed Frameworks";
			runOnlyForDeploymentPostprocessing = 0;
		};
/* End PBXCopyFilesBuildPhase section */

/* Begin PBXFileReference section */
		191ABE972335F08700E10E25 /* PhotoManager.swift */ = {isa = PBXFileReference; lastKnownFileType = sourcecode.swift; path = PhotoManager.swift; sourceTree = "<group>"; };
		19213C7D22EBF58700CB8FC9 /* 大学季.app */ = {isa = PBXFileReference; explicitFileType = wrapper.application; includeInIndex = 0; path = "大学季.app"; sourceTree = BUILT_PRODUCTS_DIR; };
		19213C8022EBF58700CB8FC9 /* AppDelegate.swift */ = {isa = PBXFileReference; lastKnownFileType = sourcecode.swift; path = AppDelegate.swift; sourceTree = "<group>"; };
		19213C8222EBF58700CB8FC9 /* ViewController.swift */ = {isa = PBXFileReference; lastKnownFileType = sourcecode.swift; path = ViewController.swift; sourceTree = "<group>"; };
		19213C8522EBF58700CB8FC9 /* Base */ = {isa = PBXFileReference; lastKnownFileType = file.storyboard; name = Base; path = Base.lproj/Main.storyboard; sourceTree = "<group>"; };
		19213C8722EBF58800CB8FC9 /* Assets.xcassets */ = {isa = PBXFileReference; lastKnownFileType = folder.assetcatalog; path = Assets.xcassets; sourceTree = "<group>"; };
		19213C8A22EBF58800CB8FC9 /* Base */ = {isa = PBXFileReference; lastKnownFileType = file.storyboard; name = Base; path = Base.lproj/LaunchScreen.storyboard; sourceTree = "<group>"; };
		19213C8C22EBF58800CB8FC9 /* Info.plist */ = {isa = PBXFileReference; lastKnownFileType = text.plist.xml; path = Info.plist; sourceTree = "<group>"; };
		192848FB2390BC3D00EBB4A5 /* MKPhotoCollectionCell.xib */ = {isa = PBXFileReference; fileEncoding = 4; lastKnownFileType = file.xib; path = MKPhotoCollectionCell.xib; sourceTree = "<group>"; };
		192848FC2390BC3D00EBB4A5 /* MKPhotoCollectionCell.swift */ = {isa = PBXFileReference; fileEncoding = 4; lastKnownFileType = sourcecode.swift; path = MKPhotoCollectionCell.swift; sourceTree = "<group>"; };
		192848FD2390BC3D00EBB4A5 /* FCFMasonryViewLayout.swift */ = {isa = PBXFileReference; fileEncoding = 4; lastKnownFileType = sourcecode.swift; path = FCFMasonryViewLayout.swift; sourceTree = "<group>"; };
		192849012390BC9300EBB4A5 /* HomeVC+CollectV.swift */ = {isa = PBXFileReference; lastKnownFileType = sourcecode.swift; path = "HomeVC+CollectV.swift"; sourceTree = "<group>"; };
		192849032390C63600EBB4A5 /* PicModel.swift */ = {isa = PBXFileReference; lastKnownFileType = sourcecode.swift; path = PicModel.swift; sourceTree = "<group>"; };
		192849052390CBA400EBB4A5 /* DownloadTool.swift */ = {isa = PBXFileReference; lastKnownFileType = sourcecode.swift; path = DownloadTool.swift; sourceTree = "<group>"; };
		19380497233356E3006CC711 /* CSSelectPicHeadView.swift */ = {isa = PBXFileReference; lastKnownFileType = sourcecode.swift; path = CSSelectPicHeadView.swift; sourceTree = "<group>"; };
		19380498233356E3006CC711 /* CSSelectPicHeadView.xib */ = {isa = PBXFileReference; lastKnownFileType = file.xib; path = CSSelectPicHeadView.xib; sourceTree = "<group>"; };
		1938049B23335732006CC711 /* CSSelectPicCell.swift */ = {isa = PBXFileReference; lastKnownFileType = sourcecode.swift; path = CSSelectPicCell.swift; sourceTree = "<group>"; };
		1938049C23335732006CC711 /* CSSelectPicCell.xib */ = {isa = PBXFileReference; lastKnownFileType = file.xib; path = CSSelectPicCell.xib; sourceTree = "<group>"; };
		19399513238F7B46007DD326 /* RealmSwift.framework */ = {isa = PBXFileReference; lastKnownFileType = wrapper.framework; name = RealmSwift.framework; path = Carthage/Build/iOS/RealmSwift.framework; sourceTree = "<group>"; };
		19399516238F7B6D007DD326 /* Realm.framework */ = {isa = PBXFileReference; lastKnownFileType = wrapper.framework; name = Realm.framework; path = Carthage/Build/iOS/Realm.framework; sourceTree = "<group>"; };
		193A4A4B238E80310099C7EE /* ToastSwiftFramework.framework */ = {isa = PBXFileReference; lastKnownFileType = wrapper.framework; name = ToastSwiftFramework.framework; path = Carthage/Build/iOS/ToastSwiftFramework.framework; sourceTree = "<group>"; };
		193A4A4E238E84350099C7EE /* SnapKit.framework */ = {isa = PBXFileReference; lastKnownFileType = wrapper.framework; name = SnapKit.framework; path = Carthage/Build/iOS/SnapKit.framework; sourceTree = "<group>"; };
		1958B77A2394BE52009851E2 /* RootViewController.swift */ = {isa = PBXFileReference; lastKnownFileType = sourcecode.swift; path = RootViewController.swift; sourceTree = "<group>"; };
		1958B77D2394BEB9009851E2 /* RootViewController+Menu.swift */ = {isa = PBXFileReference; lastKnownFileType = sourcecode.swift; path = "RootViewController+Menu.swift"; sourceTree = "<group>"; };
		1958B7812394E66F009851E2 /* WriteVC.swift */ = {isa = PBXFileReference; lastKnownFileType = sourcecode.swift; path = WriteVC.swift; sourceTree = "<group>"; };
		1958B7822394E66F009851E2 /* WriteVC.xib */ = {isa = PBXFileReference; lastKnownFileType = file.xib; path = WriteVC.xib; sourceTree = "<group>"; };
		1958B7852394E67A009851E2 /* SetVC.swift */ = {isa = PBXFileReference; lastKnownFileType = sourcecode.swift; path = SetVC.swift; sourceTree = "<group>"; };
		1958B7862394E67A009851E2 /* SetVC.xib */ = {isa = PBXFileReference; lastKnownFileType = file.xib; path = SetVC.xib; sourceTree = "<group>"; };
		1958B7892394E70B009851E2 /* WriteModel.swift */ = {isa = PBXFileReference; lastKnownFileType = sourcecode.swift; path = WriteModel.swift; sourceTree = "<group>"; };
		1958B78D2394E7EA009851E2 /* WriteItemCell.swift */ = {isa = PBXFileReference; lastKnownFileType = sourcecode.swift; path = WriteItemCell.swift; sourceTree = "<group>"; };
		1958B78E2394E7EA009851E2 /* WriteItemCell.xib */ = {isa = PBXFileReference; lastKnownFileType = file.xib; path = WriteItemCell.xib; sourceTree = "<group>"; };
		1958B7912394F16C009851E2 /* DiaryEditVC.xib */ = {isa = PBXFileReference; fileEncoding = 4; lastKnownFileType = file.xib; path = DiaryEditVC.xib; sourceTree = "<group>"; };
		1958B7922394F16C009851E2 /* DiaryEditVC.swift */ = {isa = PBXFileReference; fileEncoding = 4; lastKnownFileType = sourcecode.swift; path = DiaryEditVC.swift; sourceTree = "<group>"; };
		1967916C22EC215A00AB9522 /* UIButtonExtension.swift */ = {isa = PBXFileReference; fileEncoding = 4; lastKnownFileType = sourcecode.swift; path = UIButtonExtension.swift; sourceTree = "<group>"; };
		1967916D22EC215A00AB9522 /* DeviceExtension.swift */ = {isa = PBXFileReference; fileEncoding = 4; lastKnownFileType = sourcecode.swift; path = DeviceExtension.swift; sourceTree = "<group>"; };
		1967916E22EC215A00AB9522 /* TableView+CollectionView+Extension.swift */ = {isa = PBXFileReference; fileEncoding = 4; lastKnownFileType = sourcecode.swift; path = "TableView+CollectionView+Extension.swift"; sourceTree = "<group>"; };
		1967916F22EC215A00AB9522 /* UIImageViewExtension.swift */ = {isa = PBXFileReference; fileEncoding = 4; lastKnownFileType = sourcecode.swift; path = UIImageViewExtension.swift; sourceTree = "<group>"; };
		1967917022EC215A00AB9522 /* UIColorExtension.swift */ = {isa = PBXFileReference; fileEncoding = 4; lastKnownFileType = sourcecode.swift; path = UIColorExtension.swift; sourceTree = "<group>"; };
		1967917122EC215A00AB9522 /* UILableExtension.swift */ = {isa = PBXFileReference; fileEncoding = 4; lastKnownFileType = sourcecode.swift; path = UILableExtension.swift; sourceTree = "<group>"; };
		1967917222EC215A00AB9522 /* NotificationNameExtension.swift */ = {isa = PBXFileReference; fileEncoding = 4; lastKnownFileType = sourcecode.swift; path = NotificationNameExtension.swift; sourceTree = "<group>"; };
		1967917322EC215A00AB9522 /* ArrayExtension.swift */ = {isa = PBXFileReference; fileEncoding = 4; lastKnownFileType = sourcecode.swift; path = ArrayExtension.swift; sourceTree = "<group>"; };
		1967917422EC215A00AB9522 /* DateExtenstion.swift */ = {isa = PBXFileReference; fileEncoding = 4; lastKnownFileType = sourcecode.swift; path = DateExtenstion.swift; sourceTree = "<group>"; };
		1967917522EC215A00AB9522 /* CellExtension.swift */ = {isa = PBXFileReference; fileEncoding = 4; lastKnownFileType = sourcecode.swift; path = CellExtension.swift; sourceTree = "<group>"; };
		1967917622EC215A00AB9522 /* TextViewExtension.swift */ = {isa = PBXFileReference; fileEncoding = 4; lastKnownFileType = sourcecode.swift; path = TextViewExtension.swift; sourceTree = "<group>"; };
		1967917722EC215A00AB9522 /* ViewExtension.swift */ = {isa = PBXFileReference; fileEncoding = 4; lastKnownFileType = sourcecode.swift; path = ViewExtension.swift; sourceTree = "<group>"; };
		1967917822EC215A00AB9522 /* NavigationExtension.swift */ = {isa = PBXFileReference; fileEncoding = 4; lastKnownFileType = sourcecode.swift; path = NavigationExtension.swift; sourceTree = "<group>"; };
		1967917922EC215A00AB9522 /* StringExtension.swift */ = {isa = PBXFileReference; fileEncoding = 4; lastKnownFileType = sourcecode.swift; path = StringExtension.swift; sourceTree = "<group>"; };
		1967917A22EC215A00AB9522 /* TextFieldExtension.swift */ = {isa = PBXFileReference; fileEncoding = 4; lastKnownFileType = sourcecode.swift; path = TextFieldExtension.swift; sourceTree = "<group>"; };
		1967917C22EC215A00AB9522 /* DefaultHeader.swift */ = {isa = PBXFileReference; fileEncoding = 4; lastKnownFileType = sourcecode.swift; path = DefaultHeader.swift; sourceTree = "<group>"; };
		1967917D22EC215A00AB9522 /* ToolManager.swift */ = {isa = PBXFileReference; fileEncoding = 4; lastKnownFileType = sourcecode.swift; path = ToolManager.swift; sourceTree = "<group>"; };
		1967918022EC215A00AB9522 /* WaveView.swift */ = {isa = PBXFileReference; fileEncoding = 4; lastKnownFileType = sourcecode.swift; path = WaveView.swift; sourceTree = "<group>"; };
		1967919422EC217F00AB9522 /* FCFTabBarController.swift */ = {isa = PBXFileReference; fileEncoding = 4; lastKnownFileType = sourcecode.swift; path = FCFTabBarController.swift; sourceTree = "<group>"; };
		1967919522EC217F00AB9522 /* FCFBaseViewController.swift */ = {isa = PBXFileReference; fileEncoding = 4; lastKnownFileType = sourcecode.swift; path = FCFBaseViewController.swift; sourceTree = "<group>"; };
		1967919622EC217F00AB9522 /* FCFNavigationController.swift */ = {isa = PBXFileReference; fileEncoding = 4; lastKnownFileType = sourcecode.swift; path = FCFNavigationController.swift; sourceTree = "<group>"; };
		1967919C22EC229A00AB9522 /* HomeVC.swift */ = {isa = PBXFileReference; lastKnownFileType = sourcecode.swift; path = HomeVC.swift; sourceTree = "<group>"; };
		1967919D22EC229A00AB9522 /* HomeVC.xib */ = {isa = PBXFileReference; lastKnownFileType = file.xib; path = HomeVC.xib; sourceTree = "<group>"; };
		3109743B233292E1002B20D9 /* CSSelectPicVC.swift */ = {isa = PBXFileReference; lastKnownFileType = sourcecode.swift; path = CSSelectPicVC.swift; sourceTree = "<group>"; };
		3109743C233292E1002B20D9 /* CSSelectPicVC.xib */ = {isa = PBXFileReference; lastKnownFileType = file.xib; path = CSSelectPicVC.xib; sourceTree = "<group>"; };
		310BBD82238C05A7007AE1FC /* FilterTypeView.swift */ = {isa = PBXFileReference; lastKnownFileType = sourcecode.swift; path = FilterTypeView.swift; sourceTree = "<group>"; };
		310BBD84238C05B6007AE1FC /* FilterTypeView.xib */ = {isa = PBXFileReference; lastKnownFileType = file.xib; path = FilterTypeView.xib; sourceTree = "<group>"; };
		310BBD86238C0861007AE1FC /* FilterTypeCell.swift */ = {isa = PBXFileReference; lastKnownFileType = sourcecode.swift; path = FilterTypeCell.swift; sourceTree = "<group>"; };
		310BBD87238C0861007AE1FC /* FilterTypeCell.xib */ = {isa = PBXFileReference; lastKnownFileType = file.xib; path = FilterTypeCell.xib; sourceTree = "<group>"; };
		311DE2D5238D51F900CA4A8D /* PhotoResultVC.swift */ = {isa = PBXFileReference; lastKnownFileType = sourcecode.swift; path = PhotoResultVC.swift; sourceTree = "<group>"; };
		311DE2D6238D51F900CA4A8D /* PhotoResultVC.xib */ = {isa = PBXFileReference; lastKnownFileType = file.xib; path = PhotoResultVC.xib; sourceTree = "<group>"; };
		312F6F9722EDF8A000F5C8F6 /* PixelEditor.framework */ = {isa = PBXFileReference; lastKnownFileType = wrapper.framework; name = PixelEditor.framework; path = Carthage/Build/iOS/PixelEditor.framework; sourceTree = "<group>"; };
		312F6F9822EDF8A000F5C8F6 /* PixelEngine.framework */ = {isa = PBXFileReference; lastKnownFileType = wrapper.framework; name = PixelEngine.framework; path = Carthage/Build/iOS/PixelEngine.framework; sourceTree = "<group>"; };
		312F6F9922EDF8A000F5C8F6 /* SideMenu.framework */ = {isa = PBXFileReference; lastKnownFileType = wrapper.framework; name = SideMenu.framework; path = Carthage/Build/iOS/SideMenu.framework; sourceTree = "<group>"; };
		312F6F9A22EDF8A000F5C8F6 /* TransitionPatch.framework */ = {isa = PBXFileReference; lastKnownFileType = wrapper.framework; name = TransitionPatch.framework; path = Carthage/Build/iOS/TransitionPatch.framework; sourceTree = "<group>"; };
		312F6FA022EE007B00F5C8F6 /* MenuViewController.swift */ = {isa = PBXFileReference; lastKnownFileType = sourcecode.swift; path = MenuViewController.swift; sourceTree = "<group>"; };
		3195EDD2238A630C003351E6 /* TakeVideoVC.swift */ = {isa = PBXFileReference; lastKnownFileType = sourcecode.swift; path = TakeVideoVC.swift; sourceTree = "<group>"; };
		3195EDD5238A6D18003351E6 /* TakePhotoVC.swift */ = {isa = PBXFileReference; lastKnownFileType = sourcecode.swift; path = TakePhotoVC.swift; sourceTree = "<group>"; };
		3195EDD6238A6D18003351E6 /* TakePhotoVC.xib */ = {isa = PBXFileReference; lastKnownFileType = file.xib; path = TakePhotoVC.xib; sourceTree = "<group>"; };
		3195F034238ADF8D003351E6 /* CutShadow-Bridging-Header.h */ = {isa = PBXFileReference; lastKnownFileType = sourcecode.c.h; path = "CutShadow-Bridging-Header.h"; sourceTree = "<group>"; };
		3195F05B238AE69B003351E6 /* GPUImageBuffer.h */ = {isa = PBXFileReference; fileEncoding = 4; lastKnownFileType = sourcecode.c.h; path = GPUImageBuffer.h; sourceTree = "<group>"; };
		3195F05C238AE69B003351E6 /* GPUImageView.h */ = {isa = PBXFileReference; fileEncoding = 4; lastKnownFileType = sourcecode.c.h; path = GPUImageView.h; sourceTree = "<group>"; };
		3195F05D238AE69B003351E6 /* GPUImageShiTomasiFeatureDetectionFilter.h */ = {isa = PBXFileReference; fileEncoding = 4; lastKnownFileType = sourcecode.c.h; path = GPUImageShiTomasiFeatureDetectionFilter.h; sourceTree = "<group>"; };
		3195F05E238AE69B003351E6 /* GPUImageThreeInputFilter.h */ = {isa = PBXFileReference; fileEncoding = 4; lastKnownFileType = sourcecode.c.h; path = GPUImageThreeInputFilter.h; sourceTree = "<group>"; };
		3195F05F238AE69B003351E6 /* GPUImageSmoothToonFilter.h */ = {isa = PBXFileReference; fileEncoding = 4; lastKnownFileType = sourcecode.c.h; path = GPUImageSmoothToonFilter.h; sourceTree = "<group>"; };
		3195F060238AE69B003351E6 /* GPUImageVoronoiConsumerFilter.h */ = {isa = PBXFileReference; fileEncoding = 4; lastKnownFileType = sourcecode.c.h; path = GPUImageVoronoiConsumerFilter.h; sourceTree = "<group>"; };
		3195F061238AE69B003351E6 /* GPUImageMovieComposition.h */ = {isa = PBXFileReference; fileEncoding = 4; lastKnownFileType = sourcecode.c.h; path = GPUImageMovieComposition.h; sourceTree = "<group>"; };
		3195F062238AE69B003351E6 /* GPUImageColorLocalBinaryPatternFilter.h */ = {isa = PBXFileReference; fileEncoding = 4; lastKnownFileType = sourcecode.c.h; path = GPUImageColorLocalBinaryPatternFilter.h; sourceTree = "<group>"; };
		3195F063238AE69B003351E6 /* GPUImageRawDataOutput.h */ = {isa = PBXFileReference; fileEncoding = 4; lastKnownFileType = sourcecode.c.h; path = GPUImageRawDataOutput.h; sourceTree = "<group>"; };
		3195F064238AE69B003351E6 /* GPUImageContrastFilter.h */ = {isa = PBXFileReference; fileEncoding = 4; lastKnownFileType = sourcecode.c.h; path = GPUImageContrastFilter.h; sourceTree = "<group>"; };
		3195F065238AE69B003351E6 /* GPUImageHalftoneFilter.h */ = {isa = PBXFileReference; fileEncoding = 4; lastKnownFileType = sourcecode.c.h; path = GPUImageHalftoneFilter.h; sourceTree = "<group>"; };
		3195F066238AE69B003351E6 /* GPUImageHazeFilter.h */ = {isa = PBXFileReference; fileEncoding = 4; lastKnownFileType = sourcecode.c.h; path = GPUImageHazeFilter.h; sourceTree = "<group>"; };
		3195F067238AE69B003351E6 /* GPUImageColorConversion.h */ = {isa = PBXFileReference; fileEncoding = 4; lastKnownFileType = sourcecode.c.h; path = GPUImageColorConversion.h; sourceTree = "<group>"; };
		3195F068238AE69B003351E6 /* GPUImageRGBDilationFilter.h */ = {isa = PBXFileReference; fileEncoding = 4; lastKnownFileType = sourcecode.c.h; path = GPUImageRGBDilationFilter.h; sourceTree = "<group>"; };
		3195F069238AE69B003351E6 /* GPUImageCrosshairGenerator.h */ = {isa = PBXFileReference; fileEncoding = 4; lastKnownFileType = sourcecode.c.h; path = GPUImageCrosshairGenerator.h; sourceTree = "<group>"; };
		3195F06A238AE69B003351E6 /* GPUImageAverageColor.h */ = {isa = PBXFileReference; fileEncoding = 4; lastKnownFileType = sourcecode.c.h; path = GPUImageAverageColor.h; sourceTree = "<group>"; };
		3195F06B238AE69B003351E6 /* GPUImageColorBlendFilter.h */ = {isa = PBXFileReference; fileEncoding = 4; lastKnownFileType = sourcecode.c.h; path = GPUImageColorBlendFilter.h; sourceTree = "<group>"; };
		3195F06C238AE69B003351E6 /* GPUImageSubtractBlendFilter.h */ = {isa = PBXFileReference; fileEncoding = 4; lastKnownFileType = sourcecode.c.h; path = GPUImageSubtractBlendFilter.h; sourceTree = "<group>"; };
		3195F06D238AE69B003351E6 /* GPUImageMaskFilter.h */ = {isa = PBXFileReference; fileEncoding = 4; lastKnownFileType = sourcecode.c.h; path = GPUImageMaskFilter.h; sourceTree = "<group>"; };
		3195F06E238AE69B003351E6 /* GPUImageSwirlFilter.h */ = {isa = PBXFileReference; fileEncoding = 4; lastKnownFileType = sourcecode.c.h; path = GPUImageSwirlFilter.h; sourceTree = "<group>"; };
		3195F06F238AE69B003351E6 /* GPUImageSoftLightBlendFilter.h */ = {isa = PBXFileReference; fileEncoding = 4; lastKnownFileType = sourcecode.c.h; path = GPUImageSoftLightBlendFilter.h; sourceTree = "<group>"; };
		3195F070238AE69B003351E6 /* GPUImageLuminosity.h */ = {isa = PBXFileReference; fileEncoding = 4; lastKnownFileType = sourcecode.c.h; path = GPUImageLuminosity.h; sourceTree = "<group>"; };
		3195F071238AE69B003351E6 /* GPUImageGaussianSelectiveBlurFilter.h */ = {isa = PBXFileReference; fileEncoding = 4; lastKnownFileType = sourcecode.c.h; path = GPUImageGaussianSelectiveBlurFilter.h; sourceTree = "<group>"; };
		3195F072238AE69B003351E6 /* GPUImageSharpenFilter.h */ = {isa = PBXFileReference; fileEncoding = 4; lastKnownFileType = sourcecode.c.h; path = GPUImageSharpenFilter.h; sourceTree = "<group>"; };
		3195F073238AE69B003351E6 /* GPUImagePoissonBlendFilter.h */ = {isa = PBXFileReference; fileEncoding = 4; lastKnownFileType = sourcecode.c.h; path = GPUImagePoissonBlendFilter.h; sourceTree = "<group>"; };
		3195F074238AE69B003351E6 /* GPUImageMotionBlurFilter.h */ = {isa = PBXFileReference; fileEncoding = 4; lastKnownFileType = sourcecode.c.h; path = GPUImageMotionBlurFilter.h; sourceTree = "<group>"; };
		3195F075238AE69B003351E6 /* GPUImageGlassSphereFilter.h */ = {isa = PBXFileReference; fileEncoding = 4; lastKnownFileType = sourcecode.c.h; path = GPUImageGlassSphereFilter.h; sourceTree = "<group>"; };
		3195F076238AE69B003351E6 /* GPUImageScreenBlendFilter.h */ = {isa = PBXFileReference; fileEncoding = 4; lastKnownFileType = sourcecode.c.h; path = GPUImageScreenBlendFilter.h; sourceTree = "<group>"; };
		3195F077238AE69B003351E6 /* GPUImageTwoInputCrossTextureSamplingFilter.h */ = {isa = PBXFileReference; fileEncoding = 4; lastKnownFileType = sourcecode.c.h; path = GPUImageTwoInputCrossTextureSamplingFilter.h; sourceTree = "<group>"; };
		3195F078238AE69B003351E6 /* GPUImagePinchDistortionFilter.h */ = {isa = PBXFileReference; fileEncoding = 4; lastKnownFileType = sourcecode.c.h; path = GPUImagePinchDistortionFilter.h; sourceTree = "<group>"; };
		3195F079238AE69B003351E6 /* GPUImageMedianFilter.h */ = {isa = PBXFileReference; fileEncoding = 4; lastKnownFileType = sourcecode.c.h; path = GPUImageMedianFilter.h; sourceTree = "<group>"; };
		3195F07A238AE69B003351E6 /* GPUImageLinearBurnBlendFilter.h */ = {isa = PBXFileReference; fileEncoding = 4; lastKnownFileType = sourcecode.c.h; path = GPUImageLinearBurnBlendFilter.h; sourceTree = "<group>"; };
		3195F07B238AE69B003351E6 /* GPUImageLocalBinaryPatternFilter.h */ = {isa = PBXFileReference; fileEncoding = 4; lastKnownFileType = sourcecode.c.h; path = GPUImageLocalBinaryPatternFilter.h; sourceTree = "<group>"; };
		3195F07C238AE69B003351E6 /* GPUImageDirectionalNonMaximumSuppressionFilter.h */ = {isa = PBXFileReference; fileEncoding = 4; lastKnownFileType = sourcecode.c.h; path = GPUImageDirectionalNonMaximumSuppressionFilter.h; sourceTree = "<group>"; };
		3195F07D238AE69B003351E6 /* GPUImageClosingFilter.h */ = {isa = PBXFileReference; fileEncoding = 4; lastKnownFileType = sourcecode.c.h; path = GPUImageClosingFilter.h; sourceTree = "<group>"; };
		3195F07E238AE69B003351E6 /* GPUImageMotionDetector.h */ = {isa = PBXFileReference; fileEncoding = 4; lastKnownFileType = sourcecode.c.h; path = GPUImageMotionDetector.h; sourceTree = "<group>"; };
		3195F07F238AE69B003351E6 /* GPUImageMonochromeFilter.h */ = {isa = PBXFileReference; fileEncoding = 4; lastKnownFileType = sourcecode.c.h; path = GPUImageMonochromeFilter.h; sourceTree = "<group>"; };
		3195F080238AE69B003351E6 /* GPUImageHoughTransformLineDetector.h */ = {isa = PBXFileReference; fileEncoding = 4; lastKnownFileType = sourcecode.c.h; path = GPUImageHoughTransformLineDetector.h; sourceTree = "<group>"; };
		3195F081238AE69B003351E6 /* GPUImageRGBErosionFilter.h */ = {isa = PBXFileReference; fileEncoding = 4; lastKnownFileType = sourcecode.c.h; path = GPUImageRGBErosionFilter.h; sourceTree = "<group>"; };
		3195F082238AE69B003351E6 /* GPUImageLowPassFilter.h */ = {isa = PBXFileReference; fileEncoding = 4; lastKnownFileType = sourcecode.c.h; path = GPUImageLowPassFilter.h; sourceTree = "<group>"; };
		3195F083238AE69B003351E6 /* GPUImageRGBOpeningFilter.h */ = {isa = PBXFileReference; fileEncoding = 4; lastKnownFileType = sourcecode.c.h; path = GPUImageRGBOpeningFilter.h; sourceTree = "<group>"; };
		3195F084238AE69B003351E6 /* GPUImageWhiteBalanceFilter.h */ = {isa = PBXFileReference; fileEncoding = 4; lastKnownFileType = sourcecode.c.h; path = GPUImageWhiteBalanceFilter.h; sourceTree = "<group>"; };
		3195F085238AE69B003351E6 /* GPUImageRawDataInput.h */ = {isa = PBXFileReference; fileEncoding = 4; lastKnownFileType = sourcecode.c.h; path = GPUImageRawDataInput.h; sourceTree = "<group>"; };
		3195F086238AE69B003351E6 /* GPUImageThresholdSketchFilter.h */ = {isa = PBXFileReference; fileEncoding = 4; lastKnownFileType = sourcecode.c.h; path = GPUImageThresholdSketchFilter.h; sourceTree = "<group>"; };
		3195F087238AE69B003351E6 /* GPUImageMosaicFilter.h */ = {isa = PBXFileReference; fileEncoding = 4; lastKnownFileType = sourcecode.c.h; path = GPUImageMosaicFilter.h; sourceTree = "<group>"; };
		3195F088238AE69B003351E6 /* GPUImageSingleComponentGaussianBlurFilter.h */ = {isa = PBXFileReference; fileEncoding = 4; lastKnownFileType = sourcecode.c.h; path = GPUImageSingleComponentGaussianBlurFilter.h; sourceTree = "<group>"; };
		3195F089238AE69B003351E6 /* GPUImageKuwaharaFilter.h */ = {isa = PBXFileReference; fileEncoding = 4; lastKnownFileType = sourcecode.c.h; path = GPUImageKuwaharaFilter.h; sourceTree = "<group>"; };
		3195F08A238AE69B003351E6 /* GPUImageFramework.h */ = {isa = PBXFileReference; fileEncoding = 4; lastKnownFileType = sourcecode.c.h; path = GPUImageFramework.h; sourceTree = "<group>"; };
		3195F08B238AE69B003351E6 /* GPUImageCrosshatchFilter.h */ = {isa = PBXFileReference; fileEncoding = 4; lastKnownFileType = sourcecode.c.h; path = GPUImageCrosshatchFilter.h; sourceTree = "<group>"; };
		3195F08C238AE69B003351E6 /* GPUImageNobleCornerDetectionFilter.h */ = {isa = PBXFileReference; fileEncoding = 4; lastKnownFileType = sourcecode.c.h; path = GPUImageNobleCornerDetectionFilter.h; sourceTree = "<group>"; };
		3195F08D238AE69B003351E6 /* GPUImageHighlightShadowFilter.h */ = {isa = PBXFileReference; fileEncoding = 4; lastKnownFileType = sourcecode.c.h; path = GPUImageHighlightShadowFilter.h; sourceTree = "<group>"; };
		3195F08E238AE69B003351E6 /* GPUImage3x3ConvolutionFilter.h */ = {isa = PBXFileReference; fileEncoding = 4; lastKnownFileType = sourcecode.c.h; path = GPUImage3x3ConvolutionFilter.h; sourceTree = "<group>"; };
		3195F08F238AE69B003351E6 /* GPUImageNormalBlendFilter.h */ = {isa = PBXFileReference; fileEncoding = 4; lastKnownFileType = sourcecode.c.h; path = GPUImageNormalBlendFilter.h; sourceTree = "<group>"; };
		3195F090238AE69B003351E6 /* GPUImageDilationFilter.h */ = {isa = PBXFileReference; fileEncoding = 4; lastKnownFileType = sourcecode.c.h; path = GPUImageDilationFilter.h; sourceTree = "<group>"; };
		3195F091238AE69B003351E6 /* GPUImageAddBlendFilter.h */ = {isa = PBXFileReference; fileEncoding = 4; lastKnownFileType = sourcecode.c.h; path = GPUImageAddBlendFilter.h; sourceTree = "<group>"; };
		3195F092238AE69B003351E6 /* GPUImageHSBFilter.h */ = {isa = PBXFileReference; fileEncoding = 4; lastKnownFileType = sourcecode.c.h; path = GPUImageHSBFilter.h; sourceTree = "<group>"; };
		3195F093238AE69B003351E6 /* GPUImageHueBlendFilter.h */ = {isa = PBXFileReference; fileEncoding = 4; lastKnownFileType = sourcecode.c.h; path = GPUImageHueBlendFilter.h; sourceTree = "<group>"; };
		3195F094238AE69B003351E6 /* GPUImagePerlinNoiseFilter.h */ = {isa = PBXFileReference; fileEncoding = 4; lastKnownFileType = sourcecode.c.h; path = GPUImagePerlinNoiseFilter.h; sourceTree = "<group>"; };
		3195F095238AE69B003351E6 /* GPUImageTextureOutput.h */ = {isa = PBXFileReference; fileEncoding = 4; lastKnownFileType = sourcecode.c.h; path = GPUImageTextureOutput.h; sourceTree = "<group>"; };
		3195F096238AE69B003351E6 /* GPUImagePrewittEdgeDetectionFilter.h */ = {isa = PBXFileReference; fileEncoding = 4; lastKnownFileType = sourcecode.c.h; path = GPUImagePrewittEdgeDetectionFilter.h; sourceTree = "<group>"; };
		3195F097238AE69B003351E6 /* GPUImageVideoCamera.h */ = {isa = PBXFileReference; fileEncoding = 4; lastKnownFileType = sourcecode.c.h; path = GPUImageVideoCamera.h; sourceTree = "<group>"; };
		3195F098238AE69B003351E6 /* GPUImageDarkenBlendFilter.h */ = {isa = PBXFileReference; fileEncoding = 4; lastKnownFileType = sourcecode.c.h; path = GPUImageDarkenBlendFilter.h; sourceTree = "<group>"; };
		3195F099238AE69B003351E6 /* GPUImageCGAColorspaceFilter.h */ = {isa = PBXFileReference; fileEncoding = 4; lastKnownFileType = sourcecode.c.h; path = GPUImageCGAColorspaceFilter.h; sourceTree = "<group>"; };
		3195F09A238AE69B003351E6 /* GPUImageLightenBlendFilter.h */ = {isa = PBXFileReference; fileEncoding = 4; lastKnownFileType = sourcecode.c.h; path = GPUImageLightenBlendFilter.h; sourceTree = "<group>"; };
		3195F09B238AE69B003351E6 /* GPUImageStillCamera.h */ = {isa = PBXFileReference; fileEncoding = 4; lastKnownFileType = sourcecode.c.h; path = GPUImageStillCamera.h; sourceTree = "<group>"; };
		3195F09C238AE69B003351E6 /* GPUImageColourFASTFeatureDetector.h */ = {isa = PBXFileReference; fileEncoding = 4; lastKnownFileType = sourcecode.c.h; path = GPUImageColourFASTFeatureDetector.h; sourceTree = "<group>"; };
		3195F09D238AE69B003351E6 /* GPUImageFilter.h */ = {isa = PBXFileReference; fileEncoding = 4; lastKnownFileType = sourcecode.c.h; path = GPUImageFilter.h; sourceTree = "<group>"; };
		3195F09E238AE69B003351E6 /* GPUImageColourFASTSamplingOperation.h */ = {isa = PBXFileReference; fileEncoding = 4; lastKnownFileType = sourcecode.c.h; path = GPUImageColourFASTSamplingOperation.h; sourceTree = "<group>"; };
		3195F09F238AE69B003351E6 /* GPUImageLookupFilter.h */ = {isa = PBXFileReference; fileEncoding = 4; lastKnownFileType = sourcecode.c.h; path = GPUImageLookupFilter.h; sourceTree = "<group>"; };
		3195F0A0238AE69B003351E6 /* GPUImageBulgeDistortionFilter.h */ = {isa = PBXFileReference; fileEncoding = 4; lastKnownFileType = sourcecode.c.h; path = GPUImageBulgeDistortionFilter.h; sourceTree = "<group>"; };
		3195F0A1238AE69B003351E6 /* GPUImageFalseColorFilter.h */ = {isa = PBXFileReference; fileEncoding = 4; lastKnownFileType = sourcecode.c.h; path = GPUImageFalseColorFilter.h; sourceTree = "<group>"; };
		3195F0A2238AE69B003351E6 /* GPUImagePolkaDotFilter.h */ = {isa = PBXFileReference; fileEncoding = 4; lastKnownFileType = sourcecode.c.h; path = GPUImagePolkaDotFilter.h; sourceTree = "<group>"; };
		3195F0A3238AE69B003351E6 /* GPUImageChromaKeyBlendFilter.h */ = {isa = PBXFileReference; fileEncoding = 4; lastKnownFileType = sourcecode.c.h; path = GPUImageChromaKeyBlendFilter.h; sourceTree = "<group>"; };
		3195F0A4238AE69B003351E6 /* GPUImageLuminanceRangeFilter.h */ = {isa = PBXFileReference; fileEncoding = 4; lastKnownFileType = sourcecode.c.h; path = GPUImageLuminanceRangeFilter.h; sourceTree = "<group>"; };
		3195F0A5238AE69B003351E6 /* GPUImageLuminosityBlendFilter.h */ = {isa = PBXFileReference; fileEncoding = 4; lastKnownFileType = sourcecode.c.h; path = GPUImageLuminosityBlendFilter.h; sourceTree = "<group>"; };
		3195F0A6238AE69B003351E6 /* GPUImageExposureFilter.h */ = {isa = PBXFileReference; fileEncoding = 4; lastKnownFileType = sourcecode.c.h; path = GPUImageExposureFilter.h; sourceTree = "<group>"; };
		3195F0A7238AE69B003351E6 /* GPUImageTwoInputFilter.h */ = {isa = PBXFileReference; fileEncoding = 4; lastKnownFileType = sourcecode.c.h; path = GPUImageTwoInputFilter.h; sourceTree = "<group>"; };
		3195F0A8238AE69B003351E6 /* GPUImageColorInvertFilter.h */ = {isa = PBXFileReference; fileEncoding = 4; lastKnownFileType = sourcecode.c.h; path = GPUImageColorInvertFilter.h; sourceTree = "<group>"; };
		3195F0A9238AE69B003351E6 /* GPUImageEmbossFilter.h */ = {isa = PBXFileReference; fileEncoding = 4; lastKnownFileType = sourcecode.c.h; path = GPUImageEmbossFilter.h; sourceTree = "<group>"; };
		3195F0AA238AE69B003351E6 /* GPUImageGrayscaleFilter.h */ = {isa = PBXFileReference; fileEncoding = 4; lastKnownFileType = sourcecode.c.h; path = GPUImageGrayscaleFilter.h; sourceTree = "<group>"; };
		3195F0AB238AE69B003351E6 /* GPUImageContext.h */ = {isa = PBXFileReference; fileEncoding = 4; lastKnownFileType = sourcecode.c.h; path = GPUImageContext.h; sourceTree = "<group>"; };
		3195F0AC238AE69B003351E6 /* GPUImageNonMaximumSuppressionFilter.h */ = {isa = PBXFileReference; fileEncoding = 4; lastKnownFileType = sourcecode.c.h; path = GPUImageNonMaximumSuppressionFilter.h; sourceTree = "<group>"; };
		3195F0AD238AE69B003351E6 /* GPUImageWeakPixelInclusionFilter.h */ = {isa = PBXFileReference; fileEncoding = 4; lastKnownFileType = sourcecode.c.h; path = GPUImageWeakPixelInclusionFilter.h; sourceTree = "<group>"; };
		3195F0AE238AE69B003351E6 /* GPUImageUIElement.h */ = {isa = PBXFileReference; fileEncoding = 4; lastKnownFileType = sourcecode.c.h; path = GPUImageUIElement.h; sourceTree = "<group>"; };
		3195F0AF238AE69B003351E6 /* GPUImageColorPackingFilter.h */ = {isa = PBXFileReference; fileEncoding = 4; lastKnownFileType = sourcecode.c.h; path = GPUImageColorPackingFilter.h; sourceTree = "<group>"; };
		3195F0B0238AE69B003351E6 /* GPUImageGaussianBlurPositionFilter.h */ = {isa = PBXFileReference; fileEncoding = 4; lastKnownFileType = sourcecode.c.h; path = GPUImageGaussianBlurPositionFilter.h; sourceTree = "<group>"; };
		3195F0B1238AE69B003351E6 /* GPUImageSoftEleganceFilter.h */ = {isa = PBXFileReference; fileEncoding = 4; lastKnownFileType = sourcecode.c.h; path = GPUImageSoftEleganceFilter.h; sourceTree = "<group>"; };
		3195F0B2238AE69B003351E6 /* GPUImageTwoPassFilter.h */ = {isa = PBXFileReference; fileEncoding = 4; lastKnownFileType = sourcecode.c.h; path = GPUImageTwoPassFilter.h; sourceTree = "<group>"; };
		3195F0B3238AE69B003351E6 /* GPUImageHighPassFilter.h */ = {isa = PBXFileReference; fileEncoding = 4; lastKnownFileType = sourcecode.c.h; path = GPUImageHighPassFilter.h; sourceTree = "<group>"; };
		3195F0B4238AE69B003351E6 /* GPUImageSobelEdgeDetectionFilter.h */ = {isa = PBXFileReference; fileEncoding = 4; lastKnownFileType = sourcecode.c.h; path = GPUImageSobelEdgeDetectionFilter.h; sourceTree = "<group>"; };
		3195F0B5238AE69B003351E6 /* GPUImageFilterGroup.h */ = {isa = PBXFileReference; fileEncoding = 4; lastKnownFileType = sourcecode.c.h; path = GPUImageFilterGroup.h; sourceTree = "<group>"; };
		3195F0B6238AE69B003351E6 /* GPUImageParallelCoordinateLineTransformFilter.h */ = {isa = PBXFileReference; fileEncoding = 4; lastKnownFileType = sourcecode.c.h; path = GPUImageParallelCoordinateLineTransformFilter.h; sourceTree = "<group>"; };
		3195F0B7238AE69B003351E6 /* GPUImageFourInputFilter.h */ = {isa = PBXFileReference; fileEncoding = 4; lastKnownFileType = sourcecode.c.h; path = GPUImageFourInputFilter.h; sourceTree = "<group>"; };
		3195F0B8238AE69B003351E6 /* GPUImageLuminanceThresholdFilter.h */ = {isa = PBXFileReference; fileEncoding = 4; lastKnownFileType = sourcecode.c.h; path = GPUImageLuminanceThresholdFilter.h; sourceTree = "<group>"; };
		3195F0B9238AE69B003351E6 /* GPUImageChromaKeyFilter.h */ = {isa = PBXFileReference; fileEncoding = 4; lastKnownFileType = sourcecode.c.h; path = GPUImageChromaKeyFilter.h; sourceTree = "<group>"; };
		3195F0BA238AE69B003351E6 /* GPUImageThresholdEdgeDetectionFilter.h */ = {isa = PBXFileReference; fileEncoding = 4; lastKnownFileType = sourcecode.c.h; path = GPUImageThresholdEdgeDetectionFilter.h; sourceTree = "<group>"; };
		3195F0BB238AE69B003351E6 /* GPUImageColorBurnBlendFilter.h */ = {isa = PBXFileReference; fileEncoding = 4; lastKnownFileType = sourcecode.c.h; path = GPUImageColorBurnBlendFilter.h; sourceTree = "<group>"; };
		3195F0BC238AE69B003351E6 /* GPUImageTwoPassTextureSamplingFilter.h */ = {isa = PBXFileReference; fileEncoding = 4; lastKnownFileType = sourcecode.c.h; path = GPUImageTwoPassTextureSamplingFilter.h; sourceTree = "<group>"; };
		3195F0BD238AE69B003351E6 /* GPUImageUnsharpMaskFilter.h */ = {isa = PBXFileReference; fileEncoding = 4; lastKnownFileType = sourcecode.c.h; path = GPUImageUnsharpMaskFilter.h; sourceTree = "<group>"; };
		3195F0BE238AE69B003351E6 /* GPUImageGammaFilter.h */ = {isa = PBXFileReference; fileEncoding = 4; lastKnownFileType = sourcecode.c.h; path = GPUImageGammaFilter.h; sourceTree = "<group>"; };
		3195F0BF238AE69B003351E6 /* GPUImageAlphaBlendFilter.h */ = {isa = PBXFileReference; fileEncoding = 4; lastKnownFileType = sourcecode.c.h; path = GPUImageAlphaBlendFilter.h; sourceTree = "<group>"; };
		3195F0C0238AE69C003351E6 /* GPUImageHistogramGenerator.h */ = {isa = PBXFileReference; fileEncoding = 4; lastKnownFileType = sourcecode.c.h; path = GPUImageHistogramGenerator.h; sourceTree = "<group>"; };
		3195F0C1238AE69C003351E6 /* GPUImageBilateralFilter.h */ = {isa = PBXFileReference; fileEncoding = 4; lastKnownFileType = sourcecode.c.h; path = GPUImageBilateralFilter.h; sourceTree = "<group>"; };
		3195F0C2238AE69C003351E6 /* GPUImageMovieWriter.h */ = {isa = PBXFileReference; fileEncoding = 4; lastKnownFileType = sourcecode.c.h; path = GPUImageMovieWriter.h; sourceTree = "<group>"; };
		3195F0C3238AE69C003351E6 /* GPUImageKuwaharaRadius3Filter.h */ = {isa = PBXFileReference; fileEncoding = 4; lastKnownFileType = sourcecode.c.h; path = GPUImageKuwaharaRadius3Filter.h; sourceTree = "<group>"; };
		3195F0C4238AE69C003351E6 /* GPUImageThresholdedNonMaximumSuppressionFilter.h */ = {isa = PBXFileReference; fileEncoding = 4; lastKnownFileType = sourcecode.c.h; path = GPUImageThresholdedNonMaximumSuppressionFilter.h; sourceTree = "<group>"; };
		3195F0C5238AE69C003351E6 /* GPUImageAmatorkaFilter.h */ = {isa = PBXFileReference; fileEncoding = 4; lastKnownFileType = sourcecode.c.h; path = GPUImageAmatorkaFilter.h; sourceTree = "<group>"; };
		3195F0C6238AE69C003351E6 /* GPUImageTransformFilter.h */ = {isa = PBXFileReference; fileEncoding = 4; lastKnownFileType = sourcecode.c.h; path = GPUImageTransformFilter.h; sourceTree = "<group>"; };
		3195F0C7238AE69C003351E6 /* GPUImageHueFilter.h */ = {isa = PBXFileReference; fileEncoding = 4; lastKnownFileType = sourcecode.c.h; path = GPUImageHueFilter.h; sourceTree = "<group>"; };
		3195F0C8238AE69C003351E6 /* GPUImageJFAVoronoiFilter.h */ = {isa = PBXFileReference; fileEncoding = 4; lastKnownFileType = sourcecode.c.h; path = GPUImageJFAVoronoiFilter.h; sourceTree = "<group>"; };
		3195F0C9238AE69C003351E6 /* GPUImageiOSBlurFilter.h */ = {isa = PBXFileReference; fileEncoding = 4; lastKnownFileType = sourcecode.c.h; path = GPUImageiOSBlurFilter.h; sourceTree = "<group>"; };
		3195F0CA238AE69C003351E6 /* GPUImageSketchFilter.h */ = {isa = PBXFileReference; fileEncoding = 4; lastKnownFileType = sourcecode.c.h; path = GPUImageSketchFilter.h; sourceTree = "<group>"; };
		3195F0CB238AE69C003351E6 /* GPUImageVignetteFilter.h */ = {isa = PBXFileReference; fileEncoding = 4; lastKnownFileType = sourcecode.c.h; path = GPUImageVignetteFilter.h; sourceTree = "<group>"; };
		3195F0CC238AE69C003351E6 /* GPUImageHistogramEqualizationFilter.h */ = {isa = PBXFileReference; fileEncoding = 4; lastKnownFileType = sourcecode.c.h; path = GPUImageHistogramEqualizationFilter.h; sourceTree = "<group>"; };
		3195F0CD238AE69C003351E6 /* GPUImageMissEtikateFilter.h */ = {isa = PBXFileReference; fileEncoding = 4; lastKnownFileType = sourcecode.c.h; path = GPUImageMissEtikateFilter.h; sourceTree = "<group>"; };
		3195F0CE238AE69C003351E6 /* GPUImagePixellatePositionFilter.h */ = {isa = PBXFileReference; fileEncoding = 4; lastKnownFileType = sourcecode.c.h; path = GPUImagePixellatePositionFilter.h; sourceTree = "<group>"; };
		3195F0CF238AE69C003351E6 /* GPUImageHistogramFilter.h */ = {isa = PBXFileReference; fileEncoding = 4; lastKnownFileType = sourcecode.c.h; path = GPUImageHistogramFilter.h; sourceTree = "<group>"; };
		3195F0D0238AE69C003351E6 /* GPUImageFASTCornerDetectionFilter.h */ = {isa = PBXFileReference; fileEncoding = 4; lastKnownFileType = sourcecode.c.h; path = GPUImageFASTCornerDetectionFilter.h; sourceTree = "<group>"; };
		3195F0D1238AE69C003351E6 /* GPUImageSolarizeFilter.h */ = {isa = PBXFileReference; fileEncoding = 4; lastKnownFileType = sourcecode.c.h; path = GPUImageSolarizeFilter.h; sourceTree = "<group>"; };
		3195F0D2238AE69C003351E6 /* GPUImageLevelsFilter.h */ = {isa = PBXFileReference; fileEncoding = 4; lastKnownFileType = sourcecode.c.h; path = GPUImageLevelsFilter.h; sourceTree = "<group>"; };
		3195F0D3238AE69C003351E6 /* GPUImageMovie.h */ = {isa = PBXFileReference; fileEncoding = 4; lastKnownFileType = sourcecode.c.h; path = GPUImageMovie.h; sourceTree = "<group>"; };
		3195F0D4238AE69C003351E6 /* GPUImageCannyEdgeDetectionFilter.h */ = {isa = PBXFileReference; fileEncoding = 4; lastKnownFileType = sourcecode.c.h; path = GPUImageCannyEdgeDetectionFilter.h; sourceTree = "<group>"; };
		3195F0D5238AE69C003351E6 /* GPUImageLineGenerator.h */ = {isa = PBXFileReference; fileEncoding = 4; lastKnownFileType = sourcecode.c.h; path = GPUImageLineGenerator.h; sourceTree = "<group>"; };
		3195F0D6238AE69C003351E6 /* GPUImageSepiaFilter.h */ = {isa = PBXFileReference; fileEncoding = 4; lastKnownFileType = sourcecode.c.h; path = GPUImageSepiaFilter.h; sourceTree = "<group>"; };
		3195F0D7238AE69C003351E6 /* GPUImage3x3TextureSamplingFilter.h */ = {isa = PBXFileReference; fileEncoding = 4; lastKnownFileType = sourcecode.c.h; path = GPUImage3x3TextureSamplingFilter.h; sourceTree = "<group>"; };
		3195F0D8238AE69C003351E6 /* GPUImageSphereRefractionFilter.h */ = {isa = PBXFileReference; fileEncoding = 4; lastKnownFileType = sourcecode.c.h; path = GPUImageSphereRefractionFilter.h; sourceTree = "<group>"; };
		3195F0D9238AE69C003351E6 /* GPUImageRGBClosingFilter.h */ = {isa = PBXFileReference; fileEncoding = 4; lastKnownFileType = sourcecode.c.h; path = GPUImageRGBClosingFilter.h; sourceTree = "<group>"; };
		3195F0DA238AE69C003351E6 /* GPUImageTextureInput.h */ = {isa = PBXFileReference; fileEncoding = 4; lastKnownFileType = sourcecode.c.h; path = GPUImageTextureInput.h; sourceTree = "<group>"; };
		3195F0DB238AE69C003351E6 /* GPUImageOpacityFilter.h */ = {isa = PBXFileReference; fileEncoding = 4; lastKnownFileType = sourcecode.c.h; path = GPUImageOpacityFilter.h; sourceTree = "<group>"; };
		3195F0DC238AE69C003351E6 /* GPUImagePixellateFilter.h */ = {isa = PBXFileReference; fileEncoding = 4; lastKnownFileType = sourcecode.c.h; path = GPUImagePixellateFilter.h; sourceTree = "<group>"; };
		3195F0DD238AE69C003351E6 /* GPUImageCropFilter.h */ = {isa = PBXFileReference; fileEncoding = 4; lastKnownFileType = sourcecode.c.h; path = GPUImageCropFilter.h; sourceTree = "<group>"; };
		3195F0DE238AE69C003351E6 /* GPUImageDissolveBlendFilter.h */ = {isa = PBXFileReference; fileEncoding = 4; lastKnownFileType = sourcecode.c.h; path = GPUImageDissolveBlendFilter.h; sourceTree = "<group>"; };
		3195F0DF238AE69C003351E6 /* GPUImageToonFilter.h */ = {isa = PBXFileReference; fileEncoding = 4; lastKnownFileType = sourcecode.c.h; path = GPUImageToonFilter.h; sourceTree = "<group>"; };
		3195F0E0238AE69C003351E6 /* GPUImageErosionFilter.h */ = {isa = PBXFileReference; fileEncoding = 4; lastKnownFileType = sourcecode.c.h; path = GPUImageErosionFilter.h; sourceTree = "<group>"; };
		3195F0E1238AE69C003351E6 /* GPUImageSaturationFilter.h */ = {isa = PBXFileReference; fileEncoding = 4; lastKnownFileType = sourcecode.c.h; path = GPUImageSaturationFilter.h; sourceTree = "<group>"; };
		3195F0E2238AE69C003351E6 /* GPUImageOpeningFilter.h */ = {isa = PBXFileReference; fileEncoding = 4; lastKnownFileType = sourcecode.c.h; path = GPUImageOpeningFilter.h; sourceTree = "<group>"; };
		3195F0E3238AE69C003351E6 /* GPUImagePolarPixellateFilter.h */ = {isa = PBXFileReference; fileEncoding = 4; lastKnownFileType = sourcecode.c.h; path = GPUImagePolarPixellateFilter.h; sourceTree = "<group>"; };
		3195F0E4238AE69C003351E6 /* GPUImageAdaptiveThresholdFilter.h */ = {isa = PBXFileReference; fileEncoding = 4; lastKnownFileType = sourcecode.c.h; path = GPUImageAdaptiveThresholdFilter.h; sourceTree = "<group>"; };
		3195F0E5238AE69C003351E6 /* GPUImagePicture.h */ = {isa = PBXFileReference; fileEncoding = 4; lastKnownFileType = sourcecode.c.h; path = GPUImagePicture.h; sourceTree = "<group>"; };
		3195F0E6238AE69C003351E6 /* GPUImageHardLightBlendFilter.h */ = {isa = PBXFileReference; fileEncoding = 4; lastKnownFileType = sourcecode.c.h; path = GPUImageHardLightBlendFilter.h; sourceTree = "<group>"; };
		3195F0E7238AE69C003351E6 /* GPUImageZoomBlurFilter.h */ = {isa = PBXFileReference; fileEncoding = 4; lastKnownFileType = sourcecode.c.h; path = GPUImageZoomBlurFilter.h; sourceTree = "<group>"; };
		3195F0E8238AE69C003351E6 /* GPUImageHarrisCornerDetectionFilter.h */ = {isa = PBXFileReference; fileEncoding = 4; lastKnownFileType = sourcecode.c.h; path = GPUImageHarrisCornerDetectionFilter.h; sourceTree = "<group>"; };
		3195F0E9238AE69C003351E6 /* GPUImageMultiplyBlendFilter.h */ = {isa = PBXFileReference; fileEncoding = 4; lastKnownFileType = sourcecode.c.h; path = GPUImageMultiplyBlendFilter.h; sourceTree = "<group>"; };
		3195F0EA238AE69C003351E6 /* GPUImageOverlayBlendFilter.h */ = {isa = PBXFileReference; fileEncoding = 4; lastKnownFileType = sourcecode.c.h; path = GPUImageOverlayBlendFilter.h; sourceTree = "<group>"; };
		3195F0EB238AE69C003351E6 /* GPUImageColorMatrixFilter.h */ = {isa = PBXFileReference; fileEncoding = 4; lastKnownFileType = sourcecode.c.h; path = GPUImageColorMatrixFilter.h; sourceTree = "<group>"; };
		3195F0EC238AE69C003351E6 /* GPUImageSolidColorGenerator.h */ = {isa = PBXFileReference; fileEncoding = 4; lastKnownFileType = sourcecode.c.h; path = GPUImageSolidColorGenerator.h; sourceTree = "<group>"; };
		3195F0ED238AE69C003351E6 /* GPUImageExclusionBlendFilter.h */ = {isa = PBXFileReference; fileEncoding = 4; lastKnownFileType = sourcecode.c.h; path = GPUImageExclusionBlendFilter.h; sourceTree = "<group>"; };
		3195F0EE238AE69C003351E6 /* GPUImageToneCurveFilter.h */ = {isa = PBXFileReference; fileEncoding = 4; lastKnownFileType = sourcecode.c.h; path = GPUImageToneCurveFilter.h; sourceTree = "<group>"; };
		3195F0EF238AE69C003351E6 /* GPUImageGaussianBlurFilter.h */ = {isa = PBXFileReference; fileEncoding = 4; lastKnownFileType = sourcecode.c.h; path = GPUImageGaussianBlurFilter.h; sourceTree = "<group>"; };
		3195F0F0238AE69C003351E6 /* GPUImageFramebufferCache.h */ = {isa = PBXFileReference; fileEncoding = 4; lastKnownFileType = sourcecode.c.h; path = GPUImageFramebufferCache.h; sourceTree = "<group>"; };
		3195F0F1238AE69C003351E6 /* GPUImageTiltShiftFilter.h */ = {isa = PBXFileReference; fileEncoding = 4; lastKnownFileType = sourcecode.c.h; path = GPUImageTiltShiftFilter.h; sourceTree = "<group>"; };
		3195F0F2238AE69C003351E6 /* GPUImageSaturationBlendFilter.h */ = {isa = PBXFileReference; fileEncoding = 4; lastKnownFileType = sourcecode.c.h; path = GPUImageSaturationBlendFilter.h; sourceTree = "<group>"; };
		3195F0F3238AE69C003351E6 /* GPUImage.h */ = {isa = PBXFileReference; fileEncoding = 4; lastKnownFileType = sourcecode.c.h; path = GPUImage.h; sourceTree = "<group>"; };
		3195F0F4238AE69C003351E6 /* GPUImagePicture+TextureSubimage.h */ = {isa = PBXFileReference; fileEncoding = 4; lastKnownFileType = sourcecode.c.h; path = "GPUImagePicture+TextureSubimage.h"; sourceTree = "<group>"; };
		3195F0F5238AE69C003351E6 /* GPUImageRGBFilter.h */ = {isa = PBXFileReference; fileEncoding = 4; lastKnownFileType = sourcecode.c.h; path = GPUImageRGBFilter.h; sourceTree = "<group>"; };
		3195F0F6238AE69C003351E6 /* GPUImageBoxBlurFilter.h */ = {isa = PBXFileReference; fileEncoding = 4; lastKnownFileType = sourcecode.c.h; path = GPUImageBoxBlurFilter.h; sourceTree = "<group>"; };
		3195F0F7238AE69C003351E6 /* GPUImageSourceOverBlendFilter.h */ = {isa = PBXFileReference; fileEncoding = 4; lastKnownFileType = sourcecode.c.h; path = GPUImageSourceOverBlendFilter.h; sourceTree = "<group>"; };
		3195F0F8238AE69C003351E6 /* GPUImageFramebuffer.h */ = {isa = PBXFileReference; fileEncoding = 4; lastKnownFileType = sourcecode.c.h; path = GPUImageFramebuffer.h; sourceTree = "<group>"; };
		3195F0F9238AE69C003351E6 /* GPUImageLaplacianFilter.h */ = {isa = PBXFileReference; fileEncoding = 4; lastKnownFileType = sourcecode.c.h; path = GPUImageLaplacianFilter.h; sourceTree = "<group>"; };
		3195F0FA238AE69C003351E6 /* GPUImageLanczosResamplingFilter.h */ = {isa = PBXFileReference; fileEncoding = 4; lastKnownFileType = sourcecode.c.h; path = GPUImageLanczosResamplingFilter.h; sourceTree = "<group>"; };
		3195F0FB238AE69C003351E6 /* GPUImageFilterPipeline.h */ = {isa = PBXFileReference; fileEncoding = 4; lastKnownFileType = sourcecode.c.h; path = GPUImageFilterPipeline.h; sourceTree = "<group>"; };
		3195F0FC238AE69C003351E6 /* GPUImageXYDerivativeFilter.h */ = {isa = PBXFileReference; fileEncoding = 4; lastKnownFileType = sourcecode.c.h; path = GPUImageXYDerivativeFilter.h; sourceTree = "<group>"; };
		3195F0FD238AE69C003351E6 /* GPUImageColorDodgeBlendFilter.h */ = {isa = PBXFileReference; fileEncoding = 4; lastKnownFileType = sourcecode.c.h; path = GPUImageColorDodgeBlendFilter.h; sourceTree = "<group>"; };
		3195F0FE238AE69C003351E6 /* GPUImageAverageLuminanceThresholdFilter.h */ = {isa = PBXFileReference; fileEncoding = 4; lastKnownFileType = sourcecode.c.h; path = GPUImageAverageLuminanceThresholdFilter.h; sourceTree = "<group>"; };
		3195F0FF238AE69C003351E6 /* GPUImageOutput.h */ = {isa = PBXFileReference; fileEncoding = 4; lastKnownFileType = sourcecode.c.h; path = GPUImageOutput.h; sourceTree = "<group>"; };
		3195F100238AE69C003351E6 /* GPUImagePosterizeFilter.h */ = {isa = PBXFileReference; fileEncoding = 4; lastKnownFileType = sourcecode.c.h; path = GPUImagePosterizeFilter.h; sourceTree = "<group>"; };
		3195F101238AE69C003351E6 /* GPUImageDirectionalSobelEdgeDetectionFilter.h */ = {isa = PBXFileReference; fileEncoding = 4; lastKnownFileType = sourcecode.c.h; path = GPUImageDirectionalSobelEdgeDetectionFilter.h; sourceTree = "<group>"; };
		3195F102238AE69C003351E6 /* GPUImageBrightnessFilter.h */ = {isa = PBXFileReference; fileEncoding = 4; lastKnownFileType = sourcecode.c.h; path = GPUImageBrightnessFilter.h; sourceTree = "<group>"; };
		3195F103238AE69C003351E6 /* GPUImageDifferenceBlendFilter.h */ = {isa = PBXFileReference; fileEncoding = 4; lastKnownFileType = sourcecode.c.h; path = GPUImageDifferenceBlendFilter.h; sourceTree = "<group>"; };
		3195F104238AE69C003351E6 /* GPUImageDivideBlendFilter.h */ = {isa = PBXFileReference; fileEncoding = 4; lastKnownFileType = sourcecode.c.h; path = GPUImageDivideBlendFilter.h; sourceTree = "<group>"; };
		3195F105238AE69C003351E6 /* GPUImageStretchDistortionFilter.h */ = {isa = PBXFileReference; fileEncoding = 4; lastKnownFileType = sourcecode.c.h; path = GPUImageStretchDistortionFilter.h; sourceTree = "<group>"; };
		3195F106238AE69C003351E6 /* GLProgram.h */ = {isa = PBXFileReference; fileEncoding = 4; lastKnownFileType = sourcecode.c.h; path = GLProgram.h; sourceTree = "<group>"; };
		3195F107238AE69C003351E6 /* libGPUImage.a */ = {isa = PBXFileReference; lastKnownFileType = archive.ar; path = libGPUImage.a; sourceTree = "<group>"; };
		3195F109238AE6BF003351E6 /* AVKit.framework */ = {isa = PBXFileReference; lastKnownFileType = wrapper.framework; name = AVKit.framework; path = System/Library/Frameworks/AVKit.framework; sourceTree = SDKROOT; };
/* End PBXFileReference section */

/* Begin PBXFrameworksBuildPhase section */
		19213C7A22EBF58700CB8FC9 /* Frameworks */ = {
			isa = PBXFrameworksBuildPhase;
			buildActionMask = 2147483647;
			files = (
				193A4A4F238E84350099C7EE /* SnapKit.framework in Frameworks */,
				193A4A48238E80310099C7EE /* TransitionPatch.framework in Frameworks */,
				3195F10A238AE6BF003351E6 /* AVKit.framework in Frameworks */,
				312F6F9B22EDF8A100F5C8F6 /* PixelEditor.framework in Frameworks */,
				312F6F9C22EDF8A100F5C8F6 /* PixelEngine.framework in Frameworks */,
				312F6F9D22EDF8A100F5C8F6 /* SideMenu.framework in Frameworks */,
				19399514238F7B47007DD326 /* RealmSwift.framework in Frameworks */,
				3195F108238AE69C003351E6 /* libGPUImage.a in Frameworks */,
				312F6F9E22EDF8A100F5C8F6 /* TransitionPatch.framework in Frameworks */,
				193A4A4C238E80310099C7EE /* ToastSwiftFramework.framework in Frameworks */,
				19399517238F7B6D007DD326 /* Realm.framework in Frameworks */,
			);
			runOnlyForDeploymentPostprocessing = 0;
		};
/* End PBXFrameworksBuildPhase section */

/* Begin PBXGroup section */
		191ABE962335F06A00E10E25 /* photos */ = {
			isa = PBXGroup;
			children = (
				191ABE972335F08700E10E25 /* PhotoManager.swift */,
			);
			path = photos;
			sourceTree = "<group>";
		};
		19213C7422EBF58700CB8FC9 = {
			isa = PBXGroup;
			children = (
				19213C7F22EBF58700CB8FC9 /* CutShadow */,
				19213C7E22EBF58700CB8FC9 /* Products */,
				312F6F9622EDF8A000F5C8F6 /* Frameworks */,
			);
			sourceTree = "<group>";
		};
		19213C7E22EBF58700CB8FC9 /* Products */ = {
			isa = PBXGroup;
			children = (
				19213C7D22EBF58700CB8FC9 /* 大学季.app */,
			);
			name = Products;
			sourceTree = "<group>";
		};
		19213C7F22EBF58700CB8FC9 /* CutShadow */ = {
			isa = PBXGroup;
			children = (
				3195F059238AE69B003351E6 /* Source */,
				1967916922EC215200AB9522 /* Base */,
				19213C8022EBF58700CB8FC9 /* AppDelegate.swift */,
				19213C8222EBF58700CB8FC9 /* ViewController.swift */,
				19213C8422EBF58700CB8FC9 /* Main.storyboard */,
				19213C8722EBF58800CB8FC9 /* Assets.xcassets */,
				19213C8922EBF58800CB8FC9 /* LaunchScreen.storyboard */,
				19213C8C22EBF58800CB8FC9 /* Info.plist */,
				3195F034238ADF8D003351E6 /* CutShadow-Bridging-Header.h */,
			);
			path = CutShadow;
			sourceTree = "<group>";
		};
		192848FA2390BC2500EBB4A5 /* views */ = {
			isa = PBXGroup;
			children = (
				192848FD2390BC3D00EBB4A5 /* FCFMasonryViewLayout.swift */,
				192848FC2390BC3D00EBB4A5 /* MKPhotoCollectionCell.swift */,
				192848FB2390BC3D00EBB4A5 /* MKPhotoCollectionCell.xib */,
			);
			path = views;
			sourceTree = "<group>";
		};
		19380496233355E5006CC711 /* views */ = {
			isa = PBXGroup;
			children = (
				19380497233356E3006CC711 /* CSSelectPicHeadView.swift */,
				19380498233356E3006CC711 /* CSSelectPicHeadView.xib */,
				1938049B23335732006CC711 /* CSSelectPicCell.swift */,
				1938049C23335732006CC711 /* CSSelectPicCell.xib */,
			);
			path = views;
			sourceTree = "<group>";
		};
		1958B7762394AD8C009851E2 /* 照片处理 */ = {
			isa = PBXGroup;
			children = (
				192849052390CBA400EBB4A5 /* DownloadTool.swift */,
				192849032390C63600EBB4A5 /* PicModel.swift */,
				3109743A23329276002B20D9 /* PicThing */,
			);
			path = "照片处理";
			sourceTree = "<group>";
		};
		1958B77C2394BE76009851E2 /* Menu */ = {
			isa = PBXGroup;
			children = (
				312F6FA022EE007B00F5C8F6 /* MenuViewController.swift */,
				1958B77D2394BEB9009851E2 /* RootViewController+Menu.swift */,
			);
			path = Menu;
			sourceTree = "<group>";
		};
		1958B77F2394E1F2009851E2 /* Write */ = {
			isa = PBXGroup;
			children = (
				1958B78C2394E7B9009851E2 /* views */,
				1958B78B2394E7B1009851E2 /* SubVC */,
				1958B7812394E66F009851E2 /* WriteVC.swift */,
				1958B7822394E66F009851E2 /* WriteVC.xib */,
				1958B7892394E70B009851E2 /* WriteModel.swift */,
			);
			path = Write;
			sourceTree = "<group>";
		};
		1958B7802394E201009851E2 /* Set */ = {
			isa = PBXGroup;
			children = (
				1958B7852394E67A009851E2 /* SetVC.swift */,
				1958B7862394E67A009851E2 /* SetVC.xib */,
			);
			path = Set;
			sourceTree = "<group>";
		};
		1958B78B2394E7B1009851E2 /* SubVC */ = {
			isa = PBXGroup;
			children = (
				1958B7922394F16C009851E2 /* DiaryEditVC.swift */,
				1958B7912394F16C009851E2 /* DiaryEditVC.xib */,
			);
			path = SubVC;
			sourceTree = "<group>";
		};
		1958B78C2394E7B9009851E2 /* views */ = {
			isa = PBXGroup;
			children = (
				1958B78D2394E7EA009851E2 /* WriteItemCell.swift */,
				1958B78E2394E7EA009851E2 /* WriteItemCell.xib */,
			);
			path = views;
			sourceTree = "<group>";
		};
		1967916922EC215200AB9522 /* Base */ = {
			isa = PBXGroup;
			children = (
				1967919B22EC220800AB9522 /* 业务 */,
				1967919322EC217F00AB9522 /* Root */,
				1967916A22EC215A00AB9522 /* Tools */,
			);
			path = Base;
			sourceTree = "<group>";
		};
		1967916A22EC215A00AB9522 /* Tools */ = {
			isa = PBXGroup;
			children = (
				1967916B22EC215A00AB9522 /* Category */,
				1967917B22EC215A00AB9522 /* Other */,
				1967917E22EC215A00AB9522 /* custom */,
			);
			path = Tools;
			sourceTree = "<group>";
		};
		1967916B22EC215A00AB9522 /* Category */ = {
			isa = PBXGroup;
			children = (
				1967916C22EC215A00AB9522 /* UIButtonExtension.swift */,
				1967916D22EC215A00AB9522 /* DeviceExtension.swift */,
				1967916E22EC215A00AB9522 /* TableView+CollectionView+Extension.swift */,
				1967916F22EC215A00AB9522 /* UIImageViewExtension.swift */,
				1967917022EC215A00AB9522 /* UIColorExtension.swift */,
				1967917122EC215A00AB9522 /* UILableExtension.swift */,
				1967917222EC215A00AB9522 /* NotificationNameExtension.swift */,
				1967917322EC215A00AB9522 /* ArrayExtension.swift */,
				1967917422EC215A00AB9522 /* DateExtenstion.swift */,
				1967917522EC215A00AB9522 /* CellExtension.swift */,
				1967917622EC215A00AB9522 /* TextViewExtension.swift */,
				1967917722EC215A00AB9522 /* ViewExtension.swift */,
				1967917822EC215A00AB9522 /* NavigationExtension.swift */,
				1967917922EC215A00AB9522 /* StringExtension.swift */,
				1967917A22EC215A00AB9522 /* TextFieldExtension.swift */,
			);
			path = Category;
			sourceTree = "<group>";
		};
		1967917B22EC215A00AB9522 /* Other */ = {
			isa = PBXGroup;
			children = (
				1967917C22EC215A00AB9522 /* DefaultHeader.swift */,
				1967917D22EC215A00AB9522 /* ToolManager.swift */,
			);
			path = Other;
			sourceTree = "<group>";
		};
		1967917E22EC215A00AB9522 /* custom */ = {
			isa = PBXGroup;
			children = (
				1967917F22EC215A00AB9522 /* views */,
			);
			path = custom;
			sourceTree = "<group>";
		};
		1967917F22EC215A00AB9522 /* views */ = {
			isa = PBXGroup;
			children = (
				1967918022EC215A00AB9522 /* WaveView.swift */,
			);
			path = views;
			sourceTree = "<group>";
		};
		1967919322EC217F00AB9522 /* Root */ = {
			isa = PBXGroup;
			children = (
				1958B77C2394BE76009851E2 /* Menu */,
				1967919422EC217F00AB9522 /* FCFTabBarController.swift */,
				1967919522EC217F00AB9522 /* FCFBaseViewController.swift */,
				1967919622EC217F00AB9522 /* FCFNavigationController.swift */,
				1958B77A2394BE52009851E2 /* RootViewController.swift */,
			);
			path = Root;
			sourceTree = "<group>";
		};
		1967919B22EC220800AB9522 /* 业务 */ = {
			isa = PBXGroup;
			children = (
				1958B7762394AD8C009851E2 /* 照片处理 */,
				312F6F9F22EE005200F5C8F6 /* Home */,
				1958B7802394E201009851E2 /* Set */,
				1958B77F2394E1F2009851E2 /* Write */,
			);
			path = "业务";
			sourceTree = "<group>";
		};
		3109743A23329276002B20D9 /* PicThing */ = {
			isa = PBXGroup;
			children = (
				310BBD81238C054B007AE1FC /* FilterSelect */,
				3195EDCF238A62C3003351E6 /* TakeVideo */,
				311DE2D4238D50AC00CA4A8D /* PhotoResult */,
				3195EDCE238A62A2003351E6 /* TakePhoto */,
				191ABE962335F06A00E10E25 /* photos */,
				19380496233355E5006CC711 /* views */,
				3109743B233292E1002B20D9 /* CSSelectPicVC.swift */,
				3109743C233292E1002B20D9 /* CSSelectPicVC.xib */,
			);
			path = PicThing;
			sourceTree = "<group>";
		};
		310BBD81238C054B007AE1FC /* FilterSelect */ = {
			isa = PBXGroup;
			children = (
				310BBD82238C05A7007AE1FC /* FilterTypeView.swift */,
				310BBD84238C05B6007AE1FC /* FilterTypeView.xib */,
				310BBD86238C0861007AE1FC /* FilterTypeCell.swift */,
				310BBD87238C0861007AE1FC /* FilterTypeCell.xib */,
			);
			path = FilterSelect;
			sourceTree = "<group>";
		};
		311DE2D4238D50AC00CA4A8D /* PhotoResult */ = {
			isa = PBXGroup;
			children = (
				311DE2D5238D51F900CA4A8D /* PhotoResultVC.swift */,
				311DE2D6238D51F900CA4A8D /* PhotoResultVC.xib */,
			);
			path = PhotoResult;
			sourceTree = "<group>";
		};
		312F6F9622EDF8A000F5C8F6 /* Frameworks */ = {
			isa = PBXGroup;
			children = (
				19399516238F7B6D007DD326 /* Realm.framework */,
				19399513238F7B46007DD326 /* RealmSwift.framework */,
				193A4A4E238E84350099C7EE /* SnapKit.framework */,
				193A4A4B238E80310099C7EE /* ToastSwiftFramework.framework */,
				3195F109238AE6BF003351E6 /* AVKit.framework */,
				312F6F9722EDF8A000F5C8F6 /* PixelEditor.framework */,
				312F6F9822EDF8A000F5C8F6 /* PixelEngine.framework */,
				312F6F9922EDF8A000F5C8F6 /* SideMenu.framework */,
				312F6F9A22EDF8A000F5C8F6 /* TransitionPatch.framework */,
			);
			name = Frameworks;
			sourceTree = "<group>";
		};
		312F6F9F22EE005200F5C8F6 /* Home */ = {
			isa = PBXGroup;
			children = (
				1967919C22EC229A00AB9522 /* HomeVC.swift */,
				192849012390BC9300EBB4A5 /* HomeVC+CollectV.swift */,
				1967919D22EC229A00AB9522 /* HomeVC.xib */,
				192848FA2390BC2500EBB4A5 /* views */,
			);
			path = Home;
			sourceTree = "<group>";
		};
		3195EDCE238A62A2003351E6 /* TakePhoto */ = {
			isa = PBXGroup;
			children = (
				3195EDD5238A6D18003351E6 /* TakePhotoVC.swift */,
				3195EDD6238A6D18003351E6 /* TakePhotoVC.xib */,
			);
			path = TakePhoto;
			sourceTree = "<group>";
		};
		3195EDCF238A62C3003351E6 /* TakeVideo */ = {
			isa = PBXGroup;
			children = (
				3195EDD2238A630C003351E6 /* TakeVideoVC.swift */,
			);
			path = TakeVideo;
			sourceTree = "<group>";
		};
		3195F059238AE69B003351E6 /* Source */ = {
			isa = PBXGroup;
			children = (
				3195F05A238AE69B003351E6 /* usr */,
				3195F107238AE69C003351E6 /* libGPUImage.a */,
			);
			path = Source;
			sourceTree = "<group>";
		};
		3195F05A238AE69B003351E6 /* usr */ = {
			isa = PBXGroup;
			children = (
				3195F05B238AE69B003351E6 /* GPUImageBuffer.h */,
				3195F05C238AE69B003351E6 /* GPUImageView.h */,
				3195F05D238AE69B003351E6 /* GPUImageShiTomasiFeatureDetectionFilter.h */,
				3195F05E238AE69B003351E6 /* GPUImageThreeInputFilter.h */,
				3195F05F238AE69B003351E6 /* GPUImageSmoothToonFilter.h */,
				3195F060238AE69B003351E6 /* GPUImageVoronoiConsumerFilter.h */,
				3195F061238AE69B003351E6 /* GPUImageMovieComposition.h */,
				3195F062238AE69B003351E6 /* GPUImageColorLocalBinaryPatternFilter.h */,
				3195F063238AE69B003351E6 /* GPUImageRawDataOutput.h */,
				3195F064238AE69B003351E6 /* GPUImageContrastFilter.h */,
				3195F065238AE69B003351E6 /* GPUImageHalftoneFilter.h */,
				3195F066238AE69B003351E6 /* GPUImageHazeFilter.h */,
				3195F067238AE69B003351E6 /* GPUImageColorConversion.h */,
				3195F068238AE69B003351E6 /* GPUImageRGBDilationFilter.h */,
				3195F069238AE69B003351E6 /* GPUImageCrosshairGenerator.h */,
				3195F06A238AE69B003351E6 /* GPUImageAverageColor.h */,
				3195F06B238AE69B003351E6 /* GPUImageColorBlendFilter.h */,
				3195F06C238AE69B003351E6 /* GPUImageSubtractBlendFilter.h */,
				3195F06D238AE69B003351E6 /* GPUImageMaskFilter.h */,
				3195F06E238AE69B003351E6 /* GPUImageSwirlFilter.h */,
				3195F06F238AE69B003351E6 /* GPUImageSoftLightBlendFilter.h */,
				3195F070238AE69B003351E6 /* GPUImageLuminosity.h */,
				3195F071238AE69B003351E6 /* GPUImageGaussianSelectiveBlurFilter.h */,
				3195F072238AE69B003351E6 /* GPUImageSharpenFilter.h */,
				3195F073238AE69B003351E6 /* GPUImagePoissonBlendFilter.h */,
				3195F074238AE69B003351E6 /* GPUImageMotionBlurFilter.h */,
				3195F075238AE69B003351E6 /* GPUImageGlassSphereFilter.h */,
				3195F076238AE69B003351E6 /* GPUImageScreenBlendFilter.h */,
				3195F077238AE69B003351E6 /* GPUImageTwoInputCrossTextureSamplingFilter.h */,
				3195F078238AE69B003351E6 /* GPUImagePinchDistortionFilter.h */,
				3195F079238AE69B003351E6 /* GPUImageMedianFilter.h */,
				3195F07A238AE69B003351E6 /* GPUImageLinearBurnBlendFilter.h */,
				3195F07B238AE69B003351E6 /* GPUImageLocalBinaryPatternFilter.h */,
				3195F07C238AE69B003351E6 /* GPUImageDirectionalNonMaximumSuppressionFilter.h */,
				3195F07D238AE69B003351E6 /* GPUImageClosingFilter.h */,
				3195F07E238AE69B003351E6 /* GPUImageMotionDetector.h */,
				3195F07F238AE69B003351E6 /* GPUImageMonochromeFilter.h */,
				3195F080238AE69B003351E6 /* GPUImageHoughTransformLineDetector.h */,
				3195F081238AE69B003351E6 /* GPUImageRGBErosionFilter.h */,
				3195F082238AE69B003351E6 /* GPUImageLowPassFilter.h */,
				3195F083238AE69B003351E6 /* GPUImageRGBOpeningFilter.h */,
				3195F084238AE69B003351E6 /* GPUImageWhiteBalanceFilter.h */,
				3195F085238AE69B003351E6 /* GPUImageRawDataInput.h */,
				3195F086238AE69B003351E6 /* GPUImageThresholdSketchFilter.h */,
				3195F087238AE69B003351E6 /* GPUImageMosaicFilter.h */,
				3195F088238AE69B003351E6 /* GPUImageSingleComponentGaussianBlurFilter.h */,
				3195F089238AE69B003351E6 /* GPUImageKuwaharaFilter.h */,
				3195F08A238AE69B003351E6 /* GPUImageFramework.h */,
				3195F08B238AE69B003351E6 /* GPUImageCrosshatchFilter.h */,
				3195F08C238AE69B003351E6 /* GPUImageNobleCornerDetectionFilter.h */,
				3195F08D238AE69B003351E6 /* GPUImageHighlightShadowFilter.h */,
				3195F08E238AE69B003351E6 /* GPUImage3x3ConvolutionFilter.h */,
				3195F08F238AE69B003351E6 /* GPUImageNormalBlendFilter.h */,
				3195F090238AE69B003351E6 /* GPUImageDilationFilter.h */,
				3195F091238AE69B003351E6 /* GPUImageAddBlendFilter.h */,
				3195F092238AE69B003351E6 /* GPUImageHSBFilter.h */,
				3195F093238AE69B003351E6 /* GPUImageHueBlendFilter.h */,
				3195F094238AE69B003351E6 /* GPUImagePerlinNoiseFilter.h */,
				3195F095238AE69B003351E6 /* GPUImageTextureOutput.h */,
				3195F096238AE69B003351E6 /* GPUImagePrewittEdgeDetectionFilter.h */,
				3195F097238AE69B003351E6 /* GPUImageVideoCamera.h */,
				3195F098238AE69B003351E6 /* GPUImageDarkenBlendFilter.h */,
				3195F099238AE69B003351E6 /* GPUImageCGAColorspaceFilter.h */,
				3195F09A238AE69B003351E6 /* GPUImageLightenBlendFilter.h */,
				3195F09B238AE69B003351E6 /* GPUImageStillCamera.h */,
				3195F09C238AE69B003351E6 /* GPUImageColourFASTFeatureDetector.h */,
				3195F09D238AE69B003351E6 /* GPUImageFilter.h */,
				3195F09E238AE69B003351E6 /* GPUImageColourFASTSamplingOperation.h */,
				3195F09F238AE69B003351E6 /* GPUImageLookupFilter.h */,
				3195F0A0238AE69B003351E6 /* GPUImageBulgeDistortionFilter.h */,
				3195F0A1238AE69B003351E6 /* GPUImageFalseColorFilter.h */,
				3195F0A2238AE69B003351E6 /* GPUImagePolkaDotFilter.h */,
				3195F0A3238AE69B003351E6 /* GPUImageChromaKeyBlendFilter.h */,
				3195F0A4238AE69B003351E6 /* GPUImageLuminanceRangeFilter.h */,
				3195F0A5238AE69B003351E6 /* GPUImageLuminosityBlendFilter.h */,
				3195F0A6238AE69B003351E6 /* GPUImageExposureFilter.h */,
				3195F0A7238AE69B003351E6 /* GPUImageTwoInputFilter.h */,
				3195F0A8238AE69B003351E6 /* GPUImageColorInvertFilter.h */,
				3195F0A9238AE69B003351E6 /* GPUImageEmbossFilter.h */,
				3195F0AA238AE69B003351E6 /* GPUImageGrayscaleFilter.h */,
				3195F0AB238AE69B003351E6 /* GPUImageContext.h */,
				3195F0AC238AE69B003351E6 /* GPUImageNonMaximumSuppressionFilter.h */,
				3195F0AD238AE69B003351E6 /* GPUImageWeakPixelInclusionFilter.h */,
				3195F0AE238AE69B003351E6 /* GPUImageUIElement.h */,
				3195F0AF238AE69B003351E6 /* GPUImageColorPackingFilter.h */,
				3195F0B0238AE69B003351E6 /* GPUImageGaussianBlurPositionFilter.h */,
				3195F0B1238AE69B003351E6 /* GPUImageSoftEleganceFilter.h */,
				3195F0B2238AE69B003351E6 /* GPUImageTwoPassFilter.h */,
				3195F0B3238AE69B003351E6 /* GPUImageHighPassFilter.h */,
				3195F0B4238AE69B003351E6 /* GPUImageSobelEdgeDetectionFilter.h */,
				3195F0B5238AE69B003351E6 /* GPUImageFilterGroup.h */,
				3195F0B6238AE69B003351E6 /* GPUImageParallelCoordinateLineTransformFilter.h */,
				3195F0B7238AE69B003351E6 /* GPUImageFourInputFilter.h */,
				3195F0B8238AE69B003351E6 /* GPUImageLuminanceThresholdFilter.h */,
				3195F0B9238AE69B003351E6 /* GPUImageChromaKeyFilter.h */,
				3195F0BA238AE69B003351E6 /* GPUImageThresholdEdgeDetectionFilter.h */,
				3195F0BB238AE69B003351E6 /* GPUImageColorBurnBlendFilter.h */,
				3195F0BC238AE69B003351E6 /* GPUImageTwoPassTextureSamplingFilter.h */,
				3195F0BD238AE69B003351E6 /* GPUImageUnsharpMaskFilter.h */,
				3195F0BE238AE69B003351E6 /* GPUImageGammaFilter.h */,
				3195F0BF238AE69B003351E6 /* GPUImageAlphaBlendFilter.h */,
				3195F0C0238AE69C003351E6 /* GPUImageHistogramGenerator.h */,
				3195F0C1238AE69C003351E6 /* GPUImageBilateralFilter.h */,
				3195F0C2238AE69C003351E6 /* GPUImageMovieWriter.h */,
				3195F0C3238AE69C003351E6 /* GPUImageKuwaharaRadius3Filter.h */,
				3195F0C4238AE69C003351E6 /* GPUImageThresholdedNonMaximumSuppressionFilter.h */,
				3195F0C5238AE69C003351E6 /* GPUImageAmatorkaFilter.h */,
				3195F0C6238AE69C003351E6 /* GPUImageTransformFilter.h */,
				3195F0C7238AE69C003351E6 /* GPUImageHueFilter.h */,
				3195F0C8238AE69C003351E6 /* GPUImageJFAVoronoiFilter.h */,
				3195F0C9238AE69C003351E6 /* GPUImageiOSBlurFilter.h */,
				3195F0CA238AE69C003351E6 /* GPUImageSketchFilter.h */,
				3195F0CB238AE69C003351E6 /* GPUImageVignetteFilter.h */,
				3195F0CC238AE69C003351E6 /* GPUImageHistogramEqualizationFilter.h */,
				3195F0CD238AE69C003351E6 /* GPUImageMissEtikateFilter.h */,
				3195F0CE238AE69C003351E6 /* GPUImagePixellatePositionFilter.h */,
				3195F0CF238AE69C003351E6 /* GPUImageHistogramFilter.h */,
				3195F0D0238AE69C003351E6 /* GPUImageFASTCornerDetectionFilter.h */,
				3195F0D1238AE69C003351E6 /* GPUImageSolarizeFilter.h */,
				3195F0D2238AE69C003351E6 /* GPUImageLevelsFilter.h */,
				3195F0D3238AE69C003351E6 /* GPUImageMovie.h */,
				3195F0D4238AE69C003351E6 /* GPUImageCannyEdgeDetectionFilter.h */,
				3195F0D5238AE69C003351E6 /* GPUImageLineGenerator.h */,
				3195F0D6238AE69C003351E6 /* GPUImageSepiaFilter.h */,
				3195F0D7238AE69C003351E6 /* GPUImage3x3TextureSamplingFilter.h */,
				3195F0D8238AE69C003351E6 /* GPUImageSphereRefractionFilter.h */,
				3195F0D9238AE69C003351E6 /* GPUImageRGBClosingFilter.h */,
				3195F0DA238AE69C003351E6 /* GPUImageTextureInput.h */,
				3195F0DB238AE69C003351E6 /* GPUImageOpacityFilter.h */,
				3195F0DC238AE69C003351E6 /* GPUImagePixellateFilter.h */,
				3195F0DD238AE69C003351E6 /* GPUImageCropFilter.h */,
				3195F0DE238AE69C003351E6 /* GPUImageDissolveBlendFilter.h */,
				3195F0DF238AE69C003351E6 /* GPUImageToonFilter.h */,
				3195F0E0238AE69C003351E6 /* GPUImageErosionFilter.h */,
				3195F0E1238AE69C003351E6 /* GPUImageSaturationFilter.h */,
				3195F0E2238AE69C003351E6 /* GPUImageOpeningFilter.h */,
				3195F0E3238AE69C003351E6 /* GPUImagePolarPixellateFilter.h */,
				3195F0E4238AE69C003351E6 /* GPUImageAdaptiveThresholdFilter.h */,
				3195F0E5238AE69C003351E6 /* GPUImagePicture.h */,
				3195F0E6238AE69C003351E6 /* GPUImageHardLightBlendFilter.h */,
				3195F0E7238AE69C003351E6 /* GPUImageZoomBlurFilter.h */,
				3195F0E8238AE69C003351E6 /* GPUImageHarrisCornerDetectionFilter.h */,
				3195F0E9238AE69C003351E6 /* GPUImageMultiplyBlendFilter.h */,
				3195F0EA238AE69C003351E6 /* GPUImageOverlayBlendFilter.h */,
				3195F0EB238AE69C003351E6 /* GPUImageColorMatrixFilter.h */,
				3195F0EC238AE69C003351E6 /* GPUImageSolidColorGenerator.h */,
				3195F0ED238AE69C003351E6 /* GPUImageExclusionBlendFilter.h */,
				3195F0EE238AE69C003351E6 /* GPUImageToneCurveFilter.h */,
				3195F0EF238AE69C003351E6 /* GPUImageGaussianBlurFilter.h */,
				3195F0F0238AE69C003351E6 /* GPUImageFramebufferCache.h */,
				3195F0F1238AE69C003351E6 /* GPUImageTiltShiftFilter.h */,
				3195F0F2238AE69C003351E6 /* GPUImageSaturationBlendFilter.h */,
				3195F0F3238AE69C003351E6 /* GPUImage.h */,
				3195F0F4238AE69C003351E6 /* GPUImagePicture+TextureSubimage.h */,
				3195F0F5238AE69C003351E6 /* GPUImageRGBFilter.h */,
				3195F0F6238AE69C003351E6 /* GPUImageBoxBlurFilter.h */,
				3195F0F7238AE69C003351E6 /* GPUImageSourceOverBlendFilter.h */,
				3195F0F8238AE69C003351E6 /* GPUImageFramebuffer.h */,
				3195F0F9238AE69C003351E6 /* GPUImageLaplacianFilter.h */,
				3195F0FA238AE69C003351E6 /* GPUImageLanczosResamplingFilter.h */,
				3195F0FB238AE69C003351E6 /* GPUImageFilterPipeline.h */,
				3195F0FC238AE69C003351E6 /* GPUImageXYDerivativeFilter.h */,
				3195F0FD238AE69C003351E6 /* GPUImageColorDodgeBlendFilter.h */,
				3195F0FE238AE69C003351E6 /* GPUImageAverageLuminanceThresholdFilter.h */,
				3195F0FF238AE69C003351E6 /* GPUImageOutput.h */,
				3195F100238AE69C003351E6 /* GPUImagePosterizeFilter.h */,
				3195F101238AE69C003351E6 /* GPUImageDirectionalSobelEdgeDetectionFilter.h */,
				3195F102238AE69C003351E6 /* GPUImageBrightnessFilter.h */,
				3195F103238AE69C003351E6 /* GPUImageDifferenceBlendFilter.h */,
				3195F104238AE69C003351E6 /* GPUImageDivideBlendFilter.h */,
				3195F105238AE69C003351E6 /* GPUImageStretchDistortionFilter.h */,
				3195F106238AE69C003351E6 /* GLProgram.h */,
			);
			path = usr;
			sourceTree = "<group>";
		};
/* End PBXGroup section */

/* Begin PBXNativeTarget section */
		19213C7C22EBF58700CB8FC9 /* CutShadow */ = {
			isa = PBXNativeTarget;
			buildConfigurationList = 19213C8F22EBF58800CB8FC9 /* Build configuration list for PBXNativeTarget "CutShadow" */;
			buildPhases = (
				19213C7922EBF58700CB8FC9 /* Sources */,
				19213C7A22EBF58700CB8FC9 /* Frameworks */,
				19213C7B22EBF58700CB8FC9 /* Resources */,
				312F6F9522EDF86800F5C8F6 /* ShellScript */,
				193A4A4A238E80310099C7EE /* Embed Frameworks */,
			);
			buildRules = (
			);
			dependencies = (
			);
			name = CutShadow;
			productName = CutShadow;
			productReference = 19213C7D22EBF58700CB8FC9 /* 大学季.app */;
			productType = "com.apple.product-type.application";
		};
/* End PBXNativeTarget section */

/* Begin PBXProject section */
		19213C7522EBF58700CB8FC9 /* Project object */ = {
			isa = PBXProject;
			attributes = {
				LastSwiftUpdateCheck = 1020;
				LastUpgradeCheck = 1020;
				ORGANIZATIONNAME = "冯才凡";
				TargetAttributes = {
					19213C7C22EBF58700CB8FC9 = {
						CreatedOnToolsVersion = 10.2.1;
						LastSwiftMigration = 1120;
					};
				};
			};
			buildConfigurationList = 19213C7822EBF58700CB8FC9 /* Build configuration list for PBXProject "CutShadow" */;
			compatibilityVersion = "Xcode 9.3";
			developmentRegion = en;
			hasScannedForEncodings = 0;
			knownRegions = (
				en,
				Base,
			);
			mainGroup = 19213C7422EBF58700CB8FC9;
			productRefGroup = 19213C7E22EBF58700CB8FC9 /* Products */;
			projectDirPath = "";
			projectRoot = "";
			targets = (
				19213C7C22EBF58700CB8FC9 /* CutShadow */,
			);
		};
/* End PBXProject section */

/* Begin PBXResourcesBuildPhase section */
		19213C7B22EBF58700CB8FC9 /* Resources */ = {
			isa = PBXResourcesBuildPhase;
			buildActionMask = 2147483647;
			files = (
				192848FE2390BC3E00EBB4A5 /* MKPhotoCollectionCell.xib in Resources */,
				3195EDD8238A6D18003351E6 /* TakePhotoVC.xib in Resources */,
				1958B7902394E7EA009851E2 /* WriteItemCell.xib in Resources */,
				19213C8B22EBF58800CB8FC9 /* LaunchScreen.storyboard in Resources */,
				3109743E233292E1002B20D9 /* CSSelectPicVC.xib in Resources */,
				311DE2D8238D51F900CA4A8D /* PhotoResultVC.xib in Resources */,
				1967919F22EC229A00AB9522 /* HomeVC.xib in Resources */,
				310BBD85238C05B6007AE1FC /* FilterTypeView.xib in Resources */,
				1958B7932394F16C009851E2 /* DiaryEditVC.xib in Resources */,
				1938049A233356E3006CC711 /* CSSelectPicHeadView.xib in Resources */,
				1938049E23335732006CC711 /* CSSelectPicCell.xib in Resources */,
				1958B7842394E66F009851E2 /* WriteVC.xib in Resources */,
				310BBD89238C0861007AE1FC /* FilterTypeCell.xib in Resources */,
				19213C8822EBF58800CB8FC9 /* Assets.xcassets in Resources */,
				19213C8622EBF58700CB8FC9 /* Main.storyboard in Resources */,
				1958B7882394E67A009851E2 /* SetVC.xib in Resources */,
			);
			runOnlyForDeploymentPostprocessing = 0;
		};
/* End PBXResourcesBuildPhase section */

/* Begin PBXShellScriptBuildPhase section */
		312F6F9522EDF86800F5C8F6 /* ShellScript */ = {
			isa = PBXShellScriptBuildPhase;
			buildActionMask = 2147483647;
			files = (
			);
			inputFileListPaths = (
			);
			inputPaths = (
				"$(SRCROOT)/Carthage/Build/iOS/PixelEditor.framework",
				"$(SRCROOT)/Carthage/Build/iOS/PixelEngine.framework",
				"$(SRCROOT)/Carthage/Build/iOS/SideMenu.framework",
				"$(SRCROOT)/Carthage/Build/iOS/TransitionPatch.framework",
			);
			outputFileListPaths = (
			);
			outputPaths = (
			);
			runOnlyForDeploymentPostprocessing = 0;
			shellPath = /bin/sh;
			shellScript = "# Type a script or drag a script file from your workspace to insert its path.\n/usr/local/bin/carthage copy-frameworks\n";
		};
/* End PBXShellScriptBuildPhase section */

/* Begin PBXSourcesBuildPhase section */
		19213C7922EBF58700CB8FC9 /* Sources */ = {
			isa = PBXSourcesBuildPhase;
			buildActionMask = 2147483647;
			files = (
				1967919922EC217F00AB9522 /* FCFNavigationController.swift in Sources */,
				1958B7832394E66F009851E2 /* WriteVC.swift in Sources */,
				1958B78F2394E7EA009851E2 /* WriteItemCell.swift in Sources */,
				3195EDD3238A630C003351E6 /* TakeVideoVC.swift in Sources */,
				1958B7872394E67A009851E2 /* SetVC.swift in Sources */,
				1967919022EC215B00AB9522 /* DefaultHeader.swift in Sources */,
				192849022390BC9300EBB4A5 /* HomeVC+CollectV.swift in Sources */,
				1967918722EC215B00AB9522 /* NotificationNameExtension.swift in Sources */,
				192848FF2390BC3E00EBB4A5 /* MKPhotoCollectionCell.swift in Sources */,
				19213C8322EBF58700CB8FC9 /* ViewController.swift in Sources */,
				1938049D23335732006CC711 /* CSSelectPicCell.swift in Sources */,
				1967918D22EC215B00AB9522 /* NavigationExtension.swift in Sources */,
				1958B7942394F16C009851E2 /* DiaryEditVC.swift in Sources */,
				1967918F22EC215B00AB9522 /* TextFieldExtension.swift in Sources */,
				1958B77B2394BE52009851E2 /* RootViewController.swift in Sources */,
				1967919822EC217F00AB9522 /* FCFBaseViewController.swift in Sources */,
				1967918522EC215B00AB9522 /* UIColorExtension.swift in Sources */,
				1967918E22EC215B00AB9522 /* StringExtension.swift in Sources */,
				1958B77E2394BEB9009851E2 /* RootViewController+Menu.swift in Sources */,
				1967919E22EC229A00AB9522 /* HomeVC.swift in Sources */,
				311DE2D7238D51F900CA4A8D /* PhotoResultVC.swift in Sources */,
				1967918322EC215B00AB9522 /* TableView+CollectionView+Extension.swift in Sources */,
				1967918422EC215B00AB9522 /* UIImageViewExtension.swift in Sources */,
				1967918822EC215B00AB9522 /* ArrayExtension.swift in Sources */,
				1967918B22EC215B00AB9522 /* TextViewExtension.swift in Sources */,
				1967919222EC215B00AB9522 /* WaveView.swift in Sources */,
				1967919122EC215B00AB9522 /* ToolManager.swift in Sources */,
				191ABE982335F08700E10E25 /* PhotoManager.swift in Sources */,
				3195EDD7238A6D18003351E6 /* TakePhotoVC.swift in Sources */,
				312F6FA122EE007B00F5C8F6 /* MenuViewController.swift in Sources */,
				192849042390C63600EBB4A5 /* PicModel.swift in Sources */,
				1967918622EC215B00AB9522 /* UILableExtension.swift in Sources */,
				192849062390CBA400EBB4A5 /* DownloadTool.swift in Sources */,
				1967918222EC215B00AB9522 /* DeviceExtension.swift in Sources */,
				192849002390BC3E00EBB4A5 /* FCFMasonryViewLayout.swift in Sources */,
				1967918922EC215B00AB9522 /* DateExtenstion.swift in Sources */,
				1967918C22EC215B00AB9522 /* ViewExtension.swift in Sources */,
				1967919722EC217F00AB9522 /* FCFTabBarController.swift in Sources */,
				310BBD83238C05A7007AE1FC /* FilterTypeView.swift in Sources */,
				19213C8122EBF58700CB8FC9 /* AppDelegate.swift in Sources */,
				310BBD88238C0861007AE1FC /* FilterTypeCell.swift in Sources */,
				1967918122EC215B00AB9522 /* UIButtonExtension.swift in Sources */,
				1967918A22EC215B00AB9522 /* CellExtension.swift in Sources */,
				3109743D233292E1002B20D9 /* CSSelectPicVC.swift in Sources */,
				1958B78A2394E70B009851E2 /* WriteModel.swift in Sources */,
				19380499233356E3006CC711 /* CSSelectPicHeadView.swift in Sources */,
			);
			runOnlyForDeploymentPostprocessing = 0;
		};
/* End PBXSourcesBuildPhase section */

/* Begin PBXVariantGroup section */
		19213C8422EBF58700CB8FC9 /* Main.storyboard */ = {
			isa = PBXVariantGroup;
			children = (
				19213C8522EBF58700CB8FC9 /* Base */,
			);
			name = Main.storyboard;
			sourceTree = "<group>";
		};
		19213C8922EBF58800CB8FC9 /* LaunchScreen.storyboard */ = {
			isa = PBXVariantGroup;
			children = (
				19213C8A22EBF58800CB8FC9 /* Base */,
			);
			name = LaunchScreen.storyboard;
			sourceTree = "<group>";
		};
/* End PBXVariantGroup section */

/* Begin XCBuildConfiguration section */
		19213C8D22EBF58800CB8FC9 /* Debug */ = {
			isa = XCBuildConfiguration;
			buildSettings = {
				ALWAYS_SEARCH_USER_PATHS = NO;
				CLANG_ANALYZER_NONNULL = YES;
				CLANG_ANALYZER_NUMBER_OBJECT_CONVERSION = YES_AGGRESSIVE;
				CLANG_CXX_LANGUAGE_STANDARD = "gnu++14";
				CLANG_CXX_LIBRARY = "libc++";
				CLANG_ENABLE_MODULES = YES;
				CLANG_ENABLE_OBJC_ARC = YES;
				CLANG_ENABLE_OBJC_WEAK = YES;
				CLANG_WARN_BLOCK_CAPTURE_AUTORELEASING = YES;
				CLANG_WARN_BOOL_CONVERSION = YES;
				CLANG_WARN_COMMA = YES;
				CLANG_WARN_CONSTANT_CONVERSION = YES;
				CLANG_WARN_DEPRECATED_OBJC_IMPLEMENTATIONS = YES;
				CLANG_WARN_DIRECT_OBJC_ISA_USAGE = YES_ERROR;
				CLANG_WARN_DOCUMENTATION_COMMENTS = YES;
				CLANG_WARN_EMPTY_BODY = YES;
				CLANG_WARN_ENUM_CONVERSION = YES;
				CLANG_WARN_INFINITE_RECURSION = YES;
				CLANG_WARN_INT_CONVERSION = YES;
				CLANG_WARN_NON_LITERAL_NULL_CONVERSION = YES;
				CLANG_WARN_OBJC_IMPLICIT_RETAIN_SELF = YES;
				CLANG_WARN_OBJC_LITERAL_CONVERSION = YES;
				CLANG_WARN_OBJC_ROOT_CLASS = YES_ERROR;
				CLANG_WARN_RANGE_LOOP_ANALYSIS = YES;
				CLANG_WARN_STRICT_PROTOTYPES = YES;
				CLANG_WARN_SUSPICIOUS_MOVE = YES;
				CLANG_WARN_UNGUARDED_AVAILABILITY = YES_AGGRESSIVE;
				CLANG_WARN_UNREACHABLE_CODE = YES;
				CLANG_WARN__DUPLICATE_METHOD_MATCH = YES;
				CODE_SIGN_IDENTITY = "iPhone Developer";
				COPY_PHASE_STRIP = NO;
				DEBUG_INFORMATION_FORMAT = dwarf;
				ENABLE_STRICT_OBJC_MSGSEND = YES;
				ENABLE_TESTABILITY = YES;
				GCC_C_LANGUAGE_STANDARD = gnu11;
				GCC_DYNAMIC_NO_PIC = NO;
				GCC_NO_COMMON_BLOCKS = YES;
				GCC_OPTIMIZATION_LEVEL = 0;
				GCC_PREPROCESSOR_DEFINITIONS = (
					"DEBUG=1",
					"$(inherited)",
				);
				GCC_WARN_64_TO_32_BIT_CONVERSION = YES;
				GCC_WARN_ABOUT_RETURN_TYPE = YES_ERROR;
				GCC_WARN_UNDECLARED_SELECTOR = YES;
				GCC_WARN_UNINITIALIZED_AUTOS = YES_AGGRESSIVE;
				GCC_WARN_UNUSED_FUNCTION = YES;
				GCC_WARN_UNUSED_VARIABLE = YES;
				IPHONEOS_DEPLOYMENT_TARGET = 12.2;
				MTL_ENABLE_DEBUG_INFO = INCLUDE_SOURCE;
				MTL_FAST_MATH = YES;
				ONLY_ACTIVE_ARCH = YES;
				SDKROOT = iphoneos;
				SWIFT_ACTIVE_COMPILATION_CONDITIONS = DEBUG;
				SWIFT_OPTIMIZATION_LEVEL = "-Onone";
			};
			name = Debug;
		};
		19213C8E22EBF58800CB8FC9 /* Release */ = {
			isa = XCBuildConfiguration;
			buildSettings = {
				ALWAYS_SEARCH_USER_PATHS = NO;
				CLANG_ANALYZER_NONNULL = YES;
				CLANG_ANALYZER_NUMBER_OBJECT_CONVERSION = YES_AGGRESSIVE;
				CLANG_CXX_LANGUAGE_STANDARD = "gnu++14";
				CLANG_CXX_LIBRARY = "libc++";
				CLANG_ENABLE_MODULES = YES;
				CLANG_ENABLE_OBJC_ARC = YES;
				CLANG_ENABLE_OBJC_WEAK = YES;
				CLANG_WARN_BLOCK_CAPTURE_AUTORELEASING = YES;
				CLANG_WARN_BOOL_CONVERSION = YES;
				CLANG_WARN_COMMA = YES;
				CLANG_WARN_CONSTANT_CONVERSION = YES;
				CLANG_WARN_DEPRECATED_OBJC_IMPLEMENTATIONS = YES;
				CLANG_WARN_DIRECT_OBJC_ISA_USAGE = YES_ERROR;
				CLANG_WARN_DOCUMENTATION_COMMENTS = YES;
				CLANG_WARN_EMPTY_BODY = YES;
				CLANG_WARN_ENUM_CONVERSION = YES;
				CLANG_WARN_INFINITE_RECURSION = YES;
				CLANG_WARN_INT_CONVERSION = YES;
				CLANG_WARN_NON_LITERAL_NULL_CONVERSION = YES;
				CLANG_WARN_OBJC_IMPLICIT_RETAIN_SELF = YES;
				CLANG_WARN_OBJC_LITERAL_CONVERSION = YES;
				CLANG_WARN_OBJC_ROOT_CLASS = YES_ERROR;
				CLANG_WARN_RANGE_LOOP_ANALYSIS = YES;
				CLANG_WARN_STRICT_PROTOTYPES = YES;
				CLANG_WARN_SUSPICIOUS_MOVE = YES;
				CLANG_WARN_UNGUARDED_AVAILABILITY = YES_AGGRESSIVE;
				CLANG_WARN_UNREACHABLE_CODE = YES;
				CLANG_WARN__DUPLICATE_METHOD_MATCH = YES;
				CODE_SIGN_IDENTITY = "iPhone Developer";
				COPY_PHASE_STRIP = NO;
				DEBUG_INFORMATION_FORMAT = "dwarf-with-dsym";
				ENABLE_NS_ASSERTIONS = NO;
				ENABLE_STRICT_OBJC_MSGSEND = YES;
				GCC_C_LANGUAGE_STANDARD = gnu11;
				GCC_NO_COMMON_BLOCKS = YES;
				GCC_WARN_64_TO_32_BIT_CONVERSION = YES;
				GCC_WARN_ABOUT_RETURN_TYPE = YES_ERROR;
				GCC_WARN_UNDECLARED_SELECTOR = YES;
				GCC_WARN_UNINITIALIZED_AUTOS = YES_AGGRESSIVE;
				GCC_WARN_UNUSED_FUNCTION = YES;
				GCC_WARN_UNUSED_VARIABLE = YES;
				IPHONEOS_DEPLOYMENT_TARGET = 12.2;
				MTL_ENABLE_DEBUG_INFO = NO;
				MTL_FAST_MATH = YES;
				SDKROOT = iphoneos;
				SWIFT_COMPILATION_MODE = wholemodule;
				SWIFT_OPTIMIZATION_LEVEL = "-O";
				VALIDATE_PRODUCT = YES;
			};
			name = Release;
		};
		19213C9022EBF58800CB8FC9 /* Debug */ = {
			isa = XCBuildConfiguration;
			buildSettings = {
				ASSETCATALOG_COMPILER_APPICON_NAME = AppIcon;
				CLANG_ENABLE_MODULES = YES;
				CODE_SIGN_STYLE = Automatic;
				DEVELOPMENT_TEAM = VUUT4765D9;
				FRAMEWORK_SEARCH_PATHS = (
					"$(inherited)",
					"$(PROJECT_DIR)/Carthage/Build/iOS",
				);
				HEADER_SEARCH_PATHS = "";
				INFOPLIST_FILE = CutShadow/Info.plist;
				IPHONEOS_DEPLOYMENT_TARGET = 10.0;
				LD_RUNPATH_SEARCH_PATHS = (
					"$(inherited)",
					"@executable_path/Frameworks",
				);
				LIBRARY_SEARCH_PATHS = (
					"$(inherited)",
					"$(PROJECT_DIR)/CutShadow/Source",
				);
				OTHER_LDFLAGS = "";
				PRODUCT_BUNDLE_IDENTIFIER = com.yinyue.UniversityStore;
				PRODUCT_NAME = "大学季";
				SWIFT_OBJC_BRIDGING_HEADER = "CutShadow/CutShadow-Bridging-Header.h";
				SWIFT_OPTIMIZATION_LEVEL = "-Onone";
				SWIFT_VERSION = 4.2;
				TARGETED_DEVICE_FAMILY = 1;
			};
			name = Debug;
		};
		19213C9122EBF58800CB8FC9 /* Release */ = {
			isa = XCBuildConfiguration;
			buildSettings = {
				ASSETCATALOG_COMPILER_APPICON_NAME = AppIcon;
				CLANG_ENABLE_MODULES = YES;
				CODE_SIGN_STYLE = Automatic;
				DEVELOPMENT_TEAM = VUUT4765D9;
				FRAMEWORK_SEARCH_PATHS = (
					"$(inherited)",
					"$(PROJECT_DIR)/Carthage/Build/iOS",
				);
				HEADER_SEARCH_PATHS = "";
				INFOPLIST_FILE = CutShadow/Info.plist;
				IPHONEOS_DEPLOYMENT_TARGET = 10.0;
				LD_RUNPATH_SEARCH_PATHS = (
					"$(inherited)",
					"@executable_path/Frameworks",
				);
				LIBRARY_SEARCH_PATHS = (
					"$(inherited)",
					"$(PROJECT_DIR)/CutShadow/Source",
				);
				OTHER_LDFLAGS = "";
				PRODUCT_BUNDLE_IDENTIFIER = com.yinyue.UniversityStore;
				PRODUCT_NAME = "大学季";
				SWIFT_OBJC_BRIDGING_HEADER = "CutShadow/CutShadow-Bridging-Header.h";
				SWIFT_VERSION = 4.2;
				TARGETED_DEVICE_FAMILY = 1;
			};
			name = Release;
		};
/* End XCBuildConfiguration section */

/* Begin XCConfigurationList section */
		19213C7822EBF58700CB8FC9 /* Build configuration list for PBXProject "CutShadow" */ = {
			isa = XCConfigurationList;
			buildConfigurations = (
				19213C8D22EBF58800CB8FC9 /* Debug */,
				19213C8E22EBF58800CB8FC9 /* Release */,
			);
			defaultConfigurationIsVisible = 0;
			defaultConfigurationName = Release;
		};
		19213C8F22EBF58800CB8FC9 /* Build configuration list for PBXNativeTarget "CutShadow" */ = {
			isa = XCConfigurationList;
			buildConfigurations = (
				19213C9022EBF58800CB8FC9 /* Debug */,
				19213C9122EBF58800CB8FC9 /* Release */,
			);
			defaultConfigurationIsVisible = 0;
			defaultConfigurationName = Release;
		};
/* End XCConfigurationList section */
	};
	rootObject = 19213C7522EBF58700CB8FC9 /* Project object */;
}
